// !$*UTF8*$!
{
	archiveVersion = 1;
	classes = {
	};
	objectVersion = 56;
	objects = {

/* Begin PBXBuildFile section */
		8794A0902B60A45000349AB7 /* DemoUI.swift in Sources */ = {isa = PBXBuildFile; fileRef = 8794A08F2B60A45000349AB7 /* DemoUI.swift */; };
		8794A0912B60A45C00349AB7 /* DemoUI.swift in Sources */ = {isa = PBXBuildFile; fileRef = 8794A08F2B60A45000349AB7 /* DemoUI.swift */; };
		8794A0932B60A4B000349AB7 /* DSButton.swift in Sources */ = {isa = PBXBuildFile; fileRef = 8794A0922B60A4B000349AB7 /* DSButton.swift */; };
		8794A0952B60A57900349AB7 /* Colors.xcassets in Resources */ = {isa = PBXBuildFile; fileRef = 8794A0942B60A57900349AB7 /* Colors.xcassets */; };
		8794A0982B60A66B00349AB7 /* DemoButtonsTableViewController.swift in Sources */ = {isa = PBXBuildFile; fileRef = 8794A0972B60A66B00349AB7 /* DemoButtonsTableViewController.swift */; };
		8794A0992B60A67F00349AB7 /* DemoButtonsTableViewController.swift in Sources */ = {isa = PBXBuildFile; fileRef = 8794A0972B60A66B00349AB7 /* DemoButtonsTableViewController.swift */; };
		8794A09A2B60A69200349AB7 /* DSButton.swift in Sources */ = {isa = PBXBuildFile; fileRef = 8794A0922B60A4B000349AB7 /* DSButton.swift */; };
		8794A09B2B60A6D700349AB7 /* Colors.xcassets in Resources */ = {isa = PBXBuildFile; fileRef = 8794A0942B60A57900349AB7 /* Colors.xcassets */; };
		8794A09D2B60A73E00349AB7 /* PrimaryButtonTableViewCell.swift in Sources */ = {isa = PBXBuildFile; fileRef = 8794A09C2B60A73E00349AB7 /* PrimaryButtonTableViewCell.swift */; };
		8794A09E2B60A8DD00349AB7 /* PrimaryButtonTableViewCell.swift in Sources */ = {isa = PBXBuildFile; fileRef = 8794A09C2B60A73E00349AB7 /* PrimaryButtonTableViewCell.swift */; };
		8794A0A02B60ADCA00349AB7 /* SecondaryButtonTableViewCell.swift in Sources */ = {isa = PBXBuildFile; fileRef = 8794A09F2B60ADCA00349AB7 /* SecondaryButtonTableViewCell.swift */; };
		8794A0A12B60ADCA00349AB7 /* SecondaryButtonTableViewCell.swift in Sources */ = {isa = PBXBuildFile; fileRef = 8794A09F2B60ADCA00349AB7 /* SecondaryButtonTableViewCell.swift */; };
		87A968A82B59F7DF00FF54B9 /* DemoTableViewController.swift in Sources */ = {isa = PBXBuildFile; fileRef = 87E006822B576A9C000DE097 /* DemoTableViewController.swift */; };
		87A968A92B59F7DF00FF54B9 /* ViewController.swift in Sources */ = {isa = PBXBuildFile; fileRef = 87E006692B575D64000DE097 /* ViewController.swift */; };
		87A968AA2B59F7DF00FF54B9 /* MiFloreria.xcdatamodeld in Sources */ = {isa = PBXBuildFile; fileRef = 87E0066E2B575D64000DE097 /* MiFloreria.xcdatamodeld */; };
		87A968AB2B59F7DF00FF54B9 /* AppDelegate.swift in Sources */ = {isa = PBXBuildFile; fileRef = 87E006652B575D64000DE097 /* AppDelegate.swift */; };
		87A968AC2B59F7DF00FF54B9 /* SceneDelegate.swift in Sources */ = {isa = PBXBuildFile; fileRef = 87E006672B575D64000DE097 /* SceneDelegate.swift */; };
		87A968AE2B59F7DF00FF54B9 /* ProjectUI in Frameworks */ = {isa = PBXBuildFile; productRef = 87A968A52B59F7DF00FF54B9 /* ProjectUI */; };
		87A968B02B59F7DF00FF54B9 /* LaunchScreen.storyboard in Resources */ = {isa = PBXBuildFile; fileRef = 87E006732B575D65000DE097 /* LaunchScreen.storyboard */; };
		87A968B12B59F7DF00FF54B9 /* Assets.xcassets in Resources */ = {isa = PBXBuildFile; fileRef = 87E006712B575D65000DE097 /* Assets.xcassets */; };
		87A968B22B59F7DF00FF54B9 /* Main.storyboard in Resources */ = {isa = PBXBuildFile; fileRef = 87E0066B2B575D64000DE097 /* Main.storyboard */; };
		87A968BA2B5A01AD00FF54B9 /* PrimaryButton.swift in Sources */ = {isa = PBXBuildFile; fileRef = 87A968B92B5A01AD00FF54B9 /* PrimaryButton.swift */; };
		87A968BC2B5A043800FF54B9 /* PrimaryButton.swift in Sources */ = {isa = PBXBuildFile; fileRef = 87A968B92B5A01AD00FF54B9 /* PrimaryButton.swift */; };
		87A968BF2B5A08E700FF54B9 /* Extension+UIControl.swift in Sources */ = {isa = PBXBuildFile; fileRef = 87A968BE2B5A08E700FF54B9 /* Extension+UIControl.swift */; };
		87A968C02B5A08EC00FF54B9 /* Extension+UIControl.swift in Sources */ = {isa = PBXBuildFile; fileRef = 87A968BE2B5A08E700FF54B9 /* Extension+UIControl.swift */; };
		87E006662B575D64000DE097 /* AppDelegate.swift in Sources */ = {isa = PBXBuildFile; fileRef = 87E006652B575D64000DE097 /* AppDelegate.swift */; };
		87E006682B575D64000DE097 /* SceneDelegate.swift in Sources */ = {isa = PBXBuildFile; fileRef = 87E006672B575D64000DE097 /* SceneDelegate.swift */; };
		87E0066A2B575D64000DE097 /* ViewController.swift in Sources */ = {isa = PBXBuildFile; fileRef = 87E006692B575D64000DE097 /* ViewController.swift */; };
		87E0066D2B575D64000DE097 /* Main.storyboard in Resources */ = {isa = PBXBuildFile; fileRef = 87E0066B2B575D64000DE097 /* Main.storyboard */; };
		87E006702B575D64000DE097 /* MiFloreria.xcdatamodeld in Sources */ = {isa = PBXBuildFile; fileRef = 87E0066E2B575D64000DE097 /* MiFloreria.xcdatamodeld */; };
		87E006722B575D65000DE097 /* Assets.xcassets in Resources */ = {isa = PBXBuildFile; fileRef = 87E006712B575D65000DE097 /* Assets.xcassets */; };
		87E006752B575D65000DE097 /* LaunchScreen.storyboard in Resources */ = {isa = PBXBuildFile; fileRef = 87E006732B575D65000DE097 /* LaunchScreen.storyboard */; };
		87E0067E2B575FC7000DE097 /* ProjectUI in Frameworks */ = {isa = PBXBuildFile; productRef = 87E0067D2B575FC7000DE097 /* ProjectUI */; };
		87E006832B576A9C000DE097 /* DemoTableViewController.swift in Sources */ = {isa = PBXBuildFile; fileRef = 87E006822B576A9C000DE097 /* DemoTableViewController.swift */; };
/* End PBXBuildFile section */

/* Begin PBXFileReference section */
		8794A08F2B60A45000349AB7 /* DemoUI.swift */ = {isa = PBXFileReference; lastKnownFileType = sourcecode.swift; path = DemoUI.swift; sourceTree = "<group>"; };
		8794A0922B60A4B000349AB7 /* DSButton.swift */ = {isa = PBXFileReference; lastKnownFileType = sourcecode.swift; path = DSButton.swift; sourceTree = "<group>"; };
		8794A0942B60A57900349AB7 /* Colors.xcassets */ = {isa = PBXFileReference; lastKnownFileType = folder.assetcatalog; path = Colors.xcassets; sourceTree = "<group>"; };
		8794A0972B60A66B00349AB7 /* DemoButtonsTableViewController.swift */ = {isa = PBXFileReference; lastKnownFileType = sourcecode.swift; path = DemoButtonsTableViewController.swift; sourceTree = "<group>"; };
		8794A09C2B60A73E00349AB7 /* PrimaryButtonTableViewCell.swift */ = {isa = PBXFileReference; lastKnownFileType = sourcecode.swift; path = PrimaryButtonTableViewCell.swift; sourceTree = "<group>"; };
		8794A09F2B60ADCA00349AB7 /* SecondaryButtonTableViewCell.swift */ = {isa = PBXFileReference; lastKnownFileType = sourcecode.swift; path = SecondaryButtonTableViewCell.swift; sourceTree = "<group>"; };
		87A968B62B59F7DF00FF54B9 /* DemoUI.app */ = {isa = PBXFileReference; explicitFileType = wrapper.application; includeInIndex = 0; path = DemoUI.app; sourceTree = BUILT_PRODUCTS_DIR; };
		87A968B92B5A01AD00FF54B9 /* PrimaryButton.swift */ = {isa = PBXFileReference; lastKnownFileType = sourcecode.swift; path = PrimaryButton.swift; sourceTree = "<group>"; };
		87A968BE2B5A08E700FF54B9 /* Extension+UIControl.swift */ = {isa = PBXFileReference; lastKnownFileType = sourcecode.swift; path = "Extension+UIControl.swift"; sourceTree = "<group>"; };
		87E006622B575D64000DE097 /* MiFloreria.app */ = {isa = PBXFileReference; explicitFileType = wrapper.application; includeInIndex = 0; path = MiFloreria.app; sourceTree = BUILT_PRODUCTS_DIR; };
		87E006652B575D64000DE097 /* AppDelegate.swift */ = {isa = PBXFileReference; lastKnownFileType = sourcecode.swift; path = AppDelegate.swift; sourceTree = "<group>"; };
		87E006672B575D64000DE097 /* SceneDelegate.swift */ = {isa = PBXFileReference; lastKnownFileType = sourcecode.swift; path = SceneDelegate.swift; sourceTree = "<group>"; };
		87E006692B575D64000DE097 /* ViewController.swift */ = {isa = PBXFileReference; lastKnownFileType = sourcecode.swift; path = ViewController.swift; sourceTree = "<group>"; };
		87E0066C2B575D64000DE097 /* Base */ = {isa = PBXFileReference; lastKnownFileType = file.storyboard; name = Base; path = Base.lproj/Main.storyboard; sourceTree = "<group>"; };
		87E0066F2B575D64000DE097 /* MiFloreria.xcdatamodel */ = {isa = PBXFileReference; lastKnownFileType = wrapper.xcdatamodel; path = MiFloreria.xcdatamodel; sourceTree = "<group>"; };
		87E006712B575D65000DE097 /* Assets.xcassets */ = {isa = PBXFileReference; lastKnownFileType = folder.assetcatalog; path = Assets.xcassets; sourceTree = "<group>"; };
		87E006742B575D65000DE097 /* Base */ = {isa = PBXFileReference; lastKnownFileType = file.storyboard; name = Base; path = Base.lproj/LaunchScreen.storyboard; sourceTree = "<group>"; };
		87E006762B575D65000DE097 /* Info.plist */ = {isa = PBXFileReference; lastKnownFileType = text.plist.xml; path = Info.plist; sourceTree = "<group>"; };
		87E006822B576A9C000DE097 /* DemoTableViewController.swift */ = {isa = PBXFileReference; lastKnownFileType = sourcecode.swift; path = DemoTableViewController.swift; sourceTree = "<group>"; };
/* End PBXFileReference section */

/* Begin PBXFrameworksBuildPhase section */
		87A968AD2B59F7DF00FF54B9 /* Frameworks */ = {
			isa = PBXFrameworksBuildPhase;
			buildActionMask = 2147483647;
			files = (
				87A968AE2B59F7DF00FF54B9 /* ProjectUI in Frameworks */,
			);
			runOnlyForDeploymentPostprocessing = 0;
		};
		87E0065F2B575D64000DE097 /* Frameworks */ = {
			isa = PBXFrameworksBuildPhase;
			buildActionMask = 2147483647;
			files = (
				87E0067E2B575FC7000DE097 /* ProjectUI in Frameworks */,
			);
			runOnlyForDeploymentPostprocessing = 0;
		};
/* End PBXFrameworksBuildPhase section */

/* Begin PBXGroup section */
		8794A0962B60A64D00349AB7 /* DemoButtons */ = {
			isa = PBXGroup;
			children = (
				8794A0972B60A66B00349AB7 /* DemoButtonsTableViewController.swift */,
				8794A09C2B60A73E00349AB7 /* PrimaryButtonTableViewCell.swift */,
				8794A09F2B60ADCA00349AB7 /* SecondaryButtonTableViewCell.swift */,
			);
			path = DemoButtons;
			sourceTree = "<group>";
		};
		87A968B82B5A018500FF54B9 /* Buttons */ = {
			isa = PBXGroup;
			children = (
				87A968B92B5A01AD00FF54B9 /* PrimaryButton.swift */,
				8794A0922B60A4B000349AB7 /* DSButton.swift */,
			);
			path = Buttons;
			sourceTree = "<group>";
		};
		87A968BB2B5A01B800FF54B9 /* UIComponents */ = {
			isa = PBXGroup;
			children = (
				87A968B82B5A018500FF54B9 /* Buttons */,
				8794A0942B60A57900349AB7 /* Colors.xcassets */,
			);
			path = UIComponents;
			sourceTree = "<group>";
		};
		87A968BD2B5A08D500FF54B9 /* Extensions */ = {
			isa = PBXGroup;
			children = (
				87A968BE2B5A08E700FF54B9 /* Extension+UIControl.swift */,
			);
			path = Extensions;
			sourceTree = "<group>";
		};
		87E006592B575D64000DE097 = {
			isa = PBXGroup;
			children = (
				87E006642B575D64000DE097 /* MiFloreria */,
				87E006632B575D64000DE097 /* Products */,
			);
			sourceTree = "<group>";
		};
		87E006632B575D64000DE097 /* Products */ = {
			isa = PBXGroup;
			children = (
				87E006622B575D64000DE097 /* MiFloreria.app */,
				87A968B62B59F7DF00FF54B9 /* DemoUI.app */,
			);
			name = Products;
			sourceTree = "<group>";
		};
		87E006642B575D64000DE097 /* MiFloreria */ = {
			isa = PBXGroup;
			children = (
				87A968BD2B5A08D500FF54B9 /* Extensions */,
				87A968BB2B5A01B800FF54B9 /* UIComponents */,
				87E006812B576A80000DE097 /* AppUIDemo */,
				87E006652B575D64000DE097 /* AppDelegate.swift */,
				87E006672B575D64000DE097 /* SceneDelegate.swift */,
				87E006692B575D64000DE097 /* ViewController.swift */,
				87E0066B2B575D64000DE097 /* Main.storyboard */,
				87E006712B575D65000DE097 /* Assets.xcassets */,
				87E006732B575D65000DE097 /* LaunchScreen.storyboard */,
				87E006762B575D65000DE097 /* Info.plist */,
				87E0066E2B575D64000DE097 /* MiFloreria.xcdatamodeld */,
			);
			path = MiFloreria;
			sourceTree = "<group>";
		};
		87E006812B576A80000DE097 /* AppUIDemo */ = {
			isa = PBXGroup;
			children = (
				8794A0962B60A64D00349AB7 /* DemoButtons */,
				87E006822B576A9C000DE097 /* DemoTableViewController.swift */,
				8794A08F2B60A45000349AB7 /* DemoUI.swift */,
			);
			path = AppUIDemo;
			sourceTree = "<group>";
		};
/* End PBXGroup section */

/* Begin PBXNativeTarget section */
		87A968A42B59F7DF00FF54B9 /* DemoUI */ = {
			isa = PBXNativeTarget;
			buildConfigurationList = 87A968B32B59F7DF00FF54B9 /* Build configuration list for PBXNativeTarget "DemoUI" */;
			buildPhases = (
				87A968A72B59F7DF00FF54B9 /* Sources */,
				87A968AD2B59F7DF00FF54B9 /* Frameworks */,
				87A968AF2B59F7DF00FF54B9 /* Resources */,
			);
			buildRules = (
			);
			dependencies = (
			);
			name = DemoUI;
			packageProductDependencies = (
				87A968A52B59F7DF00FF54B9 /* ProjectUI */,
			);
			productName = MiFloreria;
			productReference = 87A968B62B59F7DF00FF54B9 /* DemoUI.app */;
			productType = "com.apple.product-type.application";
		};
		87E006612B575D64000DE097 /* MiFloreria */ = {
			isa = PBXNativeTarget;
			buildConfigurationList = 87E006792B575D65000DE097 /* Build configuration list for PBXNativeTarget "MiFloreria" */;
			buildPhases = (
				87E0065E2B575D64000DE097 /* Sources */,
				87E0065F2B575D64000DE097 /* Frameworks */,
				87E006602B575D64000DE097 /* Resources */,
			);
			buildRules = (
			);
			dependencies = (
			);
			name = MiFloreria;
			packageProductDependencies = (
				87E0067D2B575FC7000DE097 /* ProjectUI */,
			);
			productName = MiFloreria;
			productReference = 87E006622B575D64000DE097 /* MiFloreria.app */;
			productType = "com.apple.product-type.application";
		};
/* End PBXNativeTarget section */

/* Begin PBXProject section */
		87E0065A2B575D64000DE097 /* Project object */ = {
			isa = PBXProject;
			attributes = {
				BuildIndependentTargetsInParallel = 1;
				LastSwiftUpdateCheck = 1520;
				LastUpgradeCheck = 1520;
				TargetAttributes = {
					87E006612B575D64000DE097 = {
						CreatedOnToolsVersion = 15.2;
					};
				};
			};
			buildConfigurationList = 87E0065D2B575D64000DE097 /* Build configuration list for PBXProject "MiFloreria" */;
			compatibilityVersion = "Xcode 14.0";
			developmentRegion = en;
			hasScannedForEncodings = 0;
			knownRegions = (
				en,
				Base,
			);
			mainGroup = 87E006592B575D64000DE097;
			packageReferences = (
				87E0067C2B575FC7000DE097 /* XCRemoteSwiftPackageReference "ProjectUI" */,
			);
			productRefGroup = 87E006632B575D64000DE097 /* Products */;
			projectDirPath = "";
			projectRoot = "";
			targets = (
				87E006612B575D64000DE097 /* MiFloreria */,
				87A968A42B59F7DF00FF54B9 /* DemoUI */,
			);
		};
/* End PBXProject section */

/* Begin PBXResourcesBuildPhase section */
		87A968AF2B59F7DF00FF54B9 /* Resources */ = {
			isa = PBXResourcesBuildPhase;
			buildActionMask = 2147483647;
			files = (
				87A968B02B59F7DF00FF54B9 /* LaunchScreen.storyboard in Resources */,
				8794A09B2B60A6D700349AB7 /* Colors.xcassets in Resources */,
				87A968B12B59F7DF00FF54B9 /* Assets.xcassets in Resources */,
				87A968B22B59F7DF00FF54B9 /* Main.storyboard in Resources */,
			);
			runOnlyForDeploymentPostprocessing = 0;
		};
		87E006602B575D64000DE097 /* Resources */ = {
			isa = PBXResourcesBuildPhase;
			buildActionMask = 2147483647;
			files = (
				87E006752B575D65000DE097 /* LaunchScreen.storyboard in Resources */,
				8794A0952B60A57900349AB7 /* Colors.xcassets in Resources */,
				87E006722B575D65000DE097 /* Assets.xcassets in Resources */,
				87E0066D2B575D64000DE097 /* Main.storyboard in Resources */,
			);
			runOnlyForDeploymentPostprocessing = 0;
		};
/* End PBXResourcesBuildPhase section */

/* Begin PBXSourcesBuildPhase section */
		87A968A72B59F7DF00FF54B9 /* Sources */ = {
			isa = PBXSourcesBuildPhase;
			buildActionMask = 2147483647;
			files = (
				87A968BC2B5A043800FF54B9 /* PrimaryButton.swift in Sources */,
				87A968A82B59F7DF00FF54B9 /* DemoTableViewController.swift in Sources */,
				8794A0912B60A45C00349AB7 /* DemoUI.swift in Sources */,
				8794A09E2B60A8DD00349AB7 /* PrimaryButtonTableViewCell.swift in Sources */,
				8794A0A12B60ADCA00349AB7 /* SecondaryButtonTableViewCell.swift in Sources */,
				87A968A92B59F7DF00FF54B9 /* ViewController.swift in Sources */,
				87A968AA2B59F7DF00FF54B9 /* MiFloreria.xcdatamodeld in Sources */,
				87A968AB2B59F7DF00FF54B9 /* AppDelegate.swift in Sources */,
				8794A09A2B60A69200349AB7 /* DSButton.swift in Sources */,
				87A968AC2B59F7DF00FF54B9 /* SceneDelegate.swift in Sources */,
				8794A0992B60A67F00349AB7 /* DemoButtonsTableViewController.swift in Sources */,
				87A968C02B5A08EC00FF54B9 /* Extension+UIControl.swift in Sources */,
			);
			runOnlyForDeploymentPostprocessing = 0;
		};
		87E0065E2B575D64000DE097 /* Sources */ = {
			isa = PBXSourcesBuildPhase;
			buildActionMask = 2147483647;
			files = (
				87A968BA2B5A01AD00FF54B9 /* PrimaryButton.swift in Sources */,
				87E006832B576A9C000DE097 /* DemoTableViewController.swift in Sources */,
				8794A0902B60A45000349AB7 /* DemoUI.swift in Sources */,
				8794A09D2B60A73E00349AB7 /* PrimaryButtonTableViewCell.swift in Sources */,
				8794A0A02B60ADCA00349AB7 /* SecondaryButtonTableViewCell.swift in Sources */,
				87E0066A2B575D64000DE097 /* ViewController.swift in Sources */,
				8794A0982B60A66B00349AB7 /* DemoButtonsTableViewController.swift in Sources */,
				87E006702B575D64000DE097 /* MiFloreria.xcdatamodeld in Sources */,
				87E006662B575D64000DE097 /* AppDelegate.swift in Sources */,
				87E006682B575D64000DE097 /* SceneDelegate.swift in Sources */,
				8794A0932B60A4B000349AB7 /* DSButton.swift in Sources */,
				87A968BF2B5A08E700FF54B9 /* Extension+UIControl.swift in Sources */,
			);
			runOnlyForDeploymentPostprocessing = 0;
		};
/* End PBXSourcesBuildPhase section */

/* Begin PBXVariantGroup section */
		87E0066B2B575D64000DE097 /* Main.storyboard */ = {
			isa = PBXVariantGroup;
			children = (
				87E0066C2B575D64000DE097 /* Base */,
			);
			name = Main.storyboard;
			sourceTree = "<group>";
		};
		87E006732B575D65000DE097 /* LaunchScreen.storyboard */ = {
			isa = PBXVariantGroup;
			children = (
				87E006742B575D65000DE097 /* Base */,
			);
			name = LaunchScreen.storyboard;
			sourceTree = "<group>";
		};
/* End PBXVariantGroup section */

/* Begin XCBuildConfiguration section */
		87A968B42B59F7DF00FF54B9 /* Debug */ = {
			isa = XCBuildConfiguration;
			buildSettings = {
				ASSETCATALOG_COMPILER_APPICON_NAME = AppIcon;
				ASSETCATALOG_COMPILER_GLOBAL_ACCENT_COLOR_NAME = AccentColor;
				CODE_SIGN_STYLE = Automatic;
				CURRENT_PROJECT_VERSION = 1;
				DEVELOPMENT_TEAM = Q5893ZTFCF;
				GENERATE_INFOPLIST_FILE = YES;
				INFOPLIST_FILE = "MiFloreria copy2-Info.plist";
				INFOPLIST_KEY_UIApplicationSupportsIndirectInputEvents = YES;
				INFOPLIST_KEY_UILaunchStoryboardName = LaunchScreen;
				INFOPLIST_KEY_UIMainStoryboardFile = "";
				INFOPLIST_KEY_UISupportedInterfaceOrientations_iPad = "UIInterfaceOrientationPortrait UIInterfaceOrientationPortraitUpsideDown UIInterfaceOrientationLandscapeLeft UIInterfaceOrientationLandscapeRight";
				INFOPLIST_KEY_UISupportedInterfaceOrientations_iPhone = "UIInterfaceOrientationPortrait UIInterfaceOrientationLandscapeLeft UIInterfaceOrientationLandscapeRight";
				IPHONEOS_DEPLOYMENT_TARGET = 15.0;
				LD_RUNPATH_SEARCH_PATHS = (
					"$(inherited)",
					"@executable_path/Frameworks",
				);
				MARKETING_VERSION = 1.0;
				OTHER_SWIFT_FLAGS = "-DDEMOUI";
				PRODUCT_BUNDLE_IDENTIFIER = com.BodgarDev.MiFloreria;
				PRODUCT_NAME = "$(TARGET_NAME)";
				SWIFT_EMIT_LOC_STRINGS = YES;
				SWIFT_VERSION = 5.0;
				TARGETED_DEVICE_FAMILY = "1,2";
			};
			name = Debug;
		};
		87A968B52B59F7DF00FF54B9 /* Release */ = {
			isa = XCBuildConfiguration;
			buildSettings = {
				ASSETCATALOG_COMPILER_APPICON_NAME = AppIcon;
				ASSETCATALOG_COMPILER_GLOBAL_ACCENT_COLOR_NAME = AccentColor;
				CODE_SIGN_STYLE = Automatic;
				CURRENT_PROJECT_VERSION = 1;
				DEVELOPMENT_TEAM = Q5893ZTFCF;
				GENERATE_INFOPLIST_FILE = YES;
				INFOPLIST_FILE = "MiFloreria copy2-Info.plist";
				INFOPLIST_KEY_UIApplicationSupportsIndirectInputEvents = YES;
				INFOPLIST_KEY_UILaunchStoryboardName = LaunchScreen;
				INFOPLIST_KEY_UIMainStoryboardFile = "";
				INFOPLIST_KEY_UISupportedInterfaceOrientations_iPad = "UIInterfaceOrientationPortrait UIInterfaceOrientationPortraitUpsideDown UIInterfaceOrientationLandscapeLeft UIInterfaceOrientationLandscapeRight";
				INFOPLIST_KEY_UISupportedInterfaceOrientations_iPhone = "UIInterfaceOrientationPortrait UIInterfaceOrientationLandscapeLeft UIInterfaceOrientationLandscapeRight";
				IPHONEOS_DEPLOYMENT_TARGET = 15.0;
				LD_RUNPATH_SEARCH_PATHS = (
					"$(inherited)",
					"@executable_path/Frameworks",
				);
				MARKETING_VERSION = 1.0;
				OTHER_SWIFT_FLAGS = "-DDEMOUI";
				PRODUCT_BUNDLE_IDENTIFIER = com.BodgarDev.MiFloreria;
				PRODUCT_NAME = "$(TARGET_NAME)";
				SWIFT_EMIT_LOC_STRINGS = YES;
				SWIFT_VERSION = 5.0;
				TARGETED_DEVICE_FAMILY = "1,2";
			};
			name = Release;
		};
		87E006772B575D65000DE097 /* Debug */ = {
			isa = XCBuildConfiguration;
			buildSettings = {
				ALWAYS_SEARCH_USER_PATHS = NO;
				ASSETCATALOG_COMPILER_GENERATE_SWIFT_ASSET_SYMBOL_EXTENSIONS = YES;
				CLANG_ANALYZER_NONNULL = YES;
				CLANG_ANALYZER_NUMBER_OBJECT_CONVERSION = YES_AGGRESSIVE;
				CLANG_CXX_LANGUAGE_STANDARD = "gnu++20";
				CLANG_ENABLE_MODULES = YES;
				CLANG_ENABLE_OBJC_ARC = YES;
				CLANG_ENABLE_OBJC_WEAK = YES;
				CLANG_WARN_BLOCK_CAPTURE_AUTORELEASING = YES;
				CLANG_WARN_BOOL_CONVERSION = YES;
				CLANG_WARN_COMMA = YES;
				CLANG_WARN_CONSTANT_CONVERSION = YES;
				CLANG_WARN_DEPRECATED_OBJC_IMPLEMENTATIONS = YES;
				CLANG_WARN_DIRECT_OBJC_ISA_USAGE = YES_ERROR;
				CLANG_WARN_DOCUMENTATION_COMMENTS = YES;
				CLANG_WARN_EMPTY_BODY = YES;
				CLANG_WARN_ENUM_CONVERSION = YES;
				CLANG_WARN_INFINITE_RECURSION = YES;
				CLANG_WARN_INT_CONVERSION = YES;
				CLANG_WARN_NON_LITERAL_NULL_CONVERSION = YES;
				CLANG_WARN_OBJC_IMPLICIT_RETAIN_SELF = YES;
				CLANG_WARN_OBJC_LITERAL_CONVERSION = YES;
				CLANG_WARN_OBJC_ROOT_CLASS = YES_ERROR;
				CLANG_WARN_QUOTED_INCLUDE_IN_FRAMEWORK_HEADER = YES;
				CLANG_WARN_RANGE_LOOP_ANALYSIS = YES;
				CLANG_WARN_STRICT_PROTOTYPES = YES;
				CLANG_WARN_SUSPICIOUS_MOVE = YES;
				CLANG_WARN_UNGUARDED_AVAILABILITY = YES_AGGRESSIVE;
				CLANG_WARN_UNREACHABLE_CODE = YES;
				CLANG_WARN__DUPLICATE_METHOD_MATCH = YES;
				COPY_PHASE_STRIP = NO;
				DEBUG_INFORMATION_FORMAT = dwarf;
				ENABLE_STRICT_OBJC_MSGSEND = YES;
				ENABLE_TESTABILITY = YES;
				ENABLE_USER_SCRIPT_SANDBOXING = YES;
				GCC_C_LANGUAGE_STANDARD = gnu17;
				GCC_DYNAMIC_NO_PIC = NO;
				GCC_NO_COMMON_BLOCKS = YES;
				GCC_OPTIMIZATION_LEVEL = 0;
				GCC_PREPROCESSOR_DEFINITIONS = (
					"DEBUG=1",
					"$(inherited)",
				);
				GCC_WARN_64_TO_32_BIT_CONVERSION = YES;
				GCC_WARN_ABOUT_RETURN_TYPE = YES_ERROR;
				GCC_WARN_UNDECLARED_SELECTOR = YES;
				GCC_WARN_UNINITIALIZED_AUTOS = YES_AGGRESSIVE;
				GCC_WARN_UNUSED_FUNCTION = YES;
				GCC_WARN_UNUSED_VARIABLE = YES;
				IPHONEOS_DEPLOYMENT_TARGET = 17.2;
				LOCALIZATION_PREFERS_STRING_CATALOGS = YES;
				MTL_ENABLE_DEBUG_INFO = INCLUDE_SOURCE;
				MTL_FAST_MATH = YES;
				ONLY_ACTIVE_ARCH = YES;
				SDKROOT = iphoneos;
				SWIFT_ACTIVE_COMPILATION_CONDITIONS = "DEBUG $(inherited)";
				SWIFT_OPTIMIZATION_LEVEL = "-Onone";
			};
			name = Debug;
		};
		87E006782B575D65000DE097 /* Release */ = {
			isa = XCBuildConfiguration;
			buildSettings = {
				ALWAYS_SEARCH_USER_PATHS = NO;
				ASSETCATALOG_COMPILER_GENERATE_SWIFT_ASSET_SYMBOL_EXTENSIONS = YES;
				CLANG_ANALYZER_NONNULL = YES;
				CLANG_ANALYZER_NUMBER_OBJECT_CONVERSION = YES_AGGRESSIVE;
				CLANG_CXX_LANGUAGE_STANDARD = "gnu++20";
				CLANG_ENABLE_MODULES = YES;
				CLANG_ENABLE_OBJC_ARC = YES;
				CLANG_ENABLE_OBJC_WEAK = YES;
				CLANG_WARN_BLOCK_CAPTURE_AUTORELEASING = YES;
				CLANG_WARN_BOOL_CONVERSION = YES;
				CLANG_WARN_COMMA = YES;
				CLANG_WARN_CONSTANT_CONVERSION = YES;
				CLANG_WARN_DEPRECATED_OBJC_IMPLEMENTATIONS = YES;
				CLANG_WARN_DIRECT_OBJC_ISA_USAGE = YES_ERROR;
				CLANG_WARN_DOCUMENTATION_COMMENTS = YES;
				CLANG_WARN_EMPTY_BODY = YES;
				CLANG_WARN_ENUM_CONVERSION = YES;
				CLANG_WARN_INFINITE_RECURSION = YES;
				CLANG_WARN_INT_CONVERSION = YES;
				CLANG_WARN_NON_LITERAL_NULL_CONVERSION = YES;
				CLANG_WARN_OBJC_IMPLICIT_RETAIN_SELF = YES;
				CLANG_WARN_OBJC_LITERAL_CONVERSION = YES;
				CLANG_WARN_OBJC_ROOT_CLASS = YES_ERROR;
				CLANG_WARN_QUOTED_INCLUDE_IN_FRAMEWORK_HEADER = YES;
				CLANG_WARN_RANGE_LOOP_ANALYSIS = YES;
				CLANG_WARN_STRICT_PROTOTYPES = YES;
				CLANG_WARN_SUSPICIOUS_MOVE = YES;
				CLANG_WARN_UNGUARDED_AVAILABILITY = YES_AGGRESSIVE;
				CLANG_WARN_UNREACHABLE_CODE = YES;
				CLANG_WARN__DUPLICATE_METHOD_MATCH = YES;
				COPY_PHASE_STRIP = NO;
				DEBUG_INFORMATION_FORMAT = "dwarf-with-dsym";
				ENABLE_NS_ASSERTIONS = NO;
				ENABLE_STRICT_OBJC_MSGSEND = YES;
				ENABLE_USER_SCRIPT_SANDBOXING = YES;
				GCC_C_LANGUAGE_STANDARD = gnu17;
				GCC_NO_COMMON_BLOCKS = YES;
				GCC_WARN_64_TO_32_BIT_CONVERSION = YES;
				GCC_WARN_ABOUT_RETURN_TYPE = YES_ERROR;
				GCC_WARN_UNDECLARED_SELECTOR = YES;
				GCC_WARN_UNINITIALIZED_AUTOS = YES_AGGRESSIVE;
				GCC_WARN_UNUSED_FUNCTION = YES;
				GCC_WARN_UNUSED_VARIABLE = YES;
				IPHONEOS_DEPLOYMENT_TARGET = 17.2;
				LOCALIZATION_PREFERS_STRING_CATALOGS = YES;
				MTL_ENABLE_DEBUG_INFO = NO;
				MTL_FAST_MATH = YES;
				SDKROOT = iphoneos;
				SWIFT_COMPILATION_MODE = wholemodule;
				VALIDATE_PRODUCT = YES;
			};
			name = Release;
		};
		87E0067A2B575D65000DE097 /* Debug */ = {
			isa = XCBuildConfiguration;
			buildSettings = {
				ASSETCATALOG_COMPILER_APPICON_NAME = AppIcon;
				ASSETCATALOG_COMPILER_GLOBAL_ACCENT_COLOR_NAME = AccentColor;
				CODE_SIGN_STYLE = Automatic;
				CURRENT_PROJECT_VERSION = 1;
				DEVELOPMENT_TEAM = Q5893ZTFCF;
				GENERATE_INFOPLIST_FILE = YES;
				INFOPLIST_FILE = MiFloreria/Info.plist;
				INFOPLIST_KEY_UIApplicationSupportsIndirectInputEvents = YES;
				INFOPLIST_KEY_UILaunchStoryboardName = LaunchScreen;
				INFOPLIST_KEY_UIMainStoryboardFile = "";
				INFOPLIST_KEY_UISupportedInterfaceOrientations_iPad = "UIInterfaceOrientationPortrait UIInterfaceOrientationPortraitUpsideDown UIInterfaceOrientationLandscapeLeft UIInterfaceOrientationLandscapeRight";
				INFOPLIST_KEY_UISupportedInterfaceOrientations_iPhone = "UIInterfaceOrientationPortrait UIInterfaceOrientationLandscapeLeft UIInterfaceOrientationLandscapeRight";
				IPHONEOS_DEPLOYMENT_TARGET = 15.0;
				LD_RUNPATH_SEARCH_PATHS = (
					"$(inherited)",
					"@executable_path/Frameworks",
				);
				MARKETING_VERSION = 1.0;
				OTHER_SWIFT_FLAGS = "-DDEV";
				PRODUCT_BUNDLE_IDENTIFIER = com.BodgarDev.MiFloreria;
				PRODUCT_NAME = "$(TARGET_NAME)";
				SWIFT_EMIT_LOC_STRINGS = YES;
				SWIFT_VERSION = 5.0;
				TARGETED_DEVICE_FAMILY = "1,2";
			};
			name = Debug;
		};
		87E0067B2B575D65000DE097 /* Release */ = {
			isa = XCBuildConfiguration;
			buildSettings = {
				ASSETCATALOG_COMPILER_APPICON_NAME = AppIcon;
				ASSETCATALOG_COMPILER_GLOBAL_ACCENT_COLOR_NAME = AccentColor;
				CODE_SIGN_STYLE = Automatic;
				CURRENT_PROJECT_VERSION = 1;
				DEVELOPMENT_TEAM = Q5893ZTFCF;
				GENERATE_INFOPLIST_FILE = YES;
				INFOPLIST_FILE = MiFloreria/Info.plist;
				INFOPLIST_KEY_UIApplicationSupportsIndirectInputEvents = YES;
				INFOPLIST_KEY_UILaunchStoryboardName = LaunchScreen;
				INFOPLIST_KEY_UIMainStoryboardFile = "";
				INFOPLIST_KEY_UISupportedInterfaceOrientations_iPad = "UIInterfaceOrientationPortrait UIInterfaceOrientationPortraitUpsideDown UIInterfaceOrientationLandscapeLeft UIInterfaceOrientationLandscapeRight";
				INFOPLIST_KEY_UISupportedInterfaceOrientations_iPhone = "UIInterfaceOrientationPortrait UIInterfaceOrientationLandscapeLeft UIInterfaceOrientationLandscapeRight";
				IPHONEOS_DEPLOYMENT_TARGET = 15.0;
				LD_RUNPATH_SEARCH_PATHS = (
					"$(inherited)",
					"@executable_path/Frameworks",
				);
				MARKETING_VERSION = 1.0;
				OTHER_SWIFT_FLAGS = "-DDEV";
				PRODUCT_BUNDLE_IDENTIFIER = com.BodgarDev.MiFloreria;
				PRODUCT_NAME = "$(TARGET_NAME)";
				SWIFT_EMIT_LOC_STRINGS = YES;
				SWIFT_VERSION = 5.0;
				TARGETED_DEVICE_FAMILY = "1,2";
			};
			name = Release;
		};
/* End XCBuildConfiguration section */

/* Begin XCConfigurationList section */
		87A968B32B59F7DF00FF54B9 /* Build configuration list for PBXNativeTarget "DemoUI" */ = {
			isa = XCConfigurationList;
			buildConfigurations = (
				87A968B42B59F7DF00FF54B9 /* Debug */,
				87A968B52B59F7DF00FF54B9 /* Release */,
			);
			defaultConfigurationIsVisible = 0;
			defaultConfigurationName = Release;
		};
		87E0065D2B575D64000DE097 /* Build configuration list for PBXProject "MiFloreria" */ = {
			isa = XCConfigurationList;
			buildConfigurations = (
				87E006772B575D65000DE097 /* Debug */,
				87E006782B575D65000DE097 /* Release */,
			);
			defaultConfigurationIsVisible = 0;
			defaultConfigurationName = Release;
		};
		87E006792B575D65000DE097 /* Build configuration list for PBXNativeTarget "MiFloreria" */ = {
			isa = XCConfigurationList;
			buildConfigurations = (
				87E0067A2B575D65000DE097 /* Debug */,
				87E0067B2B575D65000DE097 /* Release */,
			);
			defaultConfigurationIsVisible = 0;
			defaultConfigurationName = Release;
		};
/* End XCConfigurationList section */

/* Begin XCRemoteSwiftPackageReference section */
		87A968A62B59F7DF00FF54B9 /* XCRemoteSwiftPackageReference "ProjectUI" */ = {
			isa = XCRemoteSwiftPackageReference;
			repositoryURL = "https://github.com/Bodgar10/ProjectUI";
			requirement = {
				branch = main;
				kind = branch;
			};
		};
		87E0067C2B575FC7000DE097 /* XCRemoteSwiftPackageReference "ProjectUI" */ = {
			isa = XCRemoteSwiftPackageReference;
			repositoryURL = "https://github.com/Bodgar10/ProjectUI";
			requirement = {
				branch = main;
				kind = branch;
			};
		};
/* End XCRemoteSwiftPackageReference section */

/* Begin XCSwiftPackageProductDependency section */
		87A968A52B59F7DF00FF54B9 /* ProjectUI */ = {
			isa = XCSwiftPackageProductDependency;
			package = 87A968A62B59F7DF00FF54B9 /* XCRemoteSwiftPackageReference "ProjectUI" */;
			productName = ProjectUI;
		};
		87E0067D2B575FC7000DE097 /* ProjectUI */ = {
			isa = XCSwiftPackageProductDependency;
			package = 87E0067C2B575FC7000DE097 /* XCRemoteSwiftPackageReference "ProjectUI" */;
			productName = ProjectUI;
		};
/* End XCSwiftPackageProductDependency section */

/* Begin XCVersionGroup section */
		87E0066E2B575D64000DE097 /* MiFloreria.xcdatamodeld */ = {
			isa = XCVersionGroup;
			children = (
				87E0066F2B575D64000DE097 /* MiFloreria.xcdatamodel */,
			);
			currentVersion = 87E0066F2B575D64000DE097 /* MiFloreria.xcdatamodel */;
			path = MiFloreria.xcdatamodeld;
			sourceTree = "<group>";
			versionGroupType = wrapper.xcdatamodel;
		};
/* End XCVersionGroup section */
	};
	rootObject = 87E0065A2B575D64000DE097 /* Project object */;
}
