// !$*UTF8*$!
{
	archiveVersion = 1;
	classes = {
	};
	objectVersion = 56;
	objects = {

/* Begin PBXBuildFile section */
		870FC13D2B9800980059A89A /* Constants.swift in Sources */ = {isa = PBXBuildFile; fileRef = 870FC13C2B9800980059A89A /* Constants.swift */; };
		870FC13E2B9800980059A89A /* Constants.swift in Sources */ = {isa = PBXBuildFile; fileRef = 870FC13C2B9800980059A89A /* Constants.swift */; };
		870FC1402B9804D90059A89A /* HomeAnalyticsTracking.swift in Sources */ = {isa = PBXBuildFile; fileRef = 870FC13F2B9804D90059A89A /* HomeAnalyticsTracking.swift */; };
		870FC1412B9804D90059A89A /* HomeAnalyticsTracking.swift in Sources */ = {isa = PBXBuildFile; fileRef = 870FC13F2B9804D90059A89A /* HomeAnalyticsTracking.swift */; };
		870FC1432B9806CB0059A89A /* PhoneAnalytics.swift in Sources */ = {isa = PBXBuildFile; fileRef = 870FC1422B9806CB0059A89A /* PhoneAnalytics.swift */; };
		870FC1442B9806CB0059A89A /* PhoneAnalytics.swift in Sources */ = {isa = PBXBuildFile; fileRef = 870FC1422B9806CB0059A89A /* PhoneAnalytics.swift */; };
		870FC1462B9809680059A89A /* VerifyCodeAnalytics.swift in Sources */ = {isa = PBXBuildFile; fileRef = 870FC1452B9809680059A89A /* VerifyCodeAnalytics.swift */; };
		870FC1472B9809680059A89A /* VerifyCodeAnalytics.swift in Sources */ = {isa = PBXBuildFile; fileRef = 870FC1452B9809680059A89A /* VerifyCodeAnalytics.swift */; };
		870FC1492B980A220059A89A /* AdditionalInfoAnalytics.swift in Sources */ = {isa = PBXBuildFile; fileRef = 870FC1482B980A220059A89A /* AdditionalInfoAnalytics.swift */; };
		870FC14A2B980A220059A89A /* AdditionalInfoAnalytics.swift in Sources */ = {isa = PBXBuildFile; fileRef = 870FC1482B980A220059A89A /* AdditionalInfoAnalytics.swift */; };
		871E7AB72B8FD6B300350C41 /* ContentView.swift in Sources */ = {isa = PBXBuildFile; fileRef = 871E7AB62B8FD6B300350C41 /* ContentView.swift */; };
		871E7AB82B8FD6B300350C41 /* ContentView.swift in Sources */ = {isa = PBXBuildFile; fileRef = 871E7AB62B8FD6B300350C41 /* ContentView.swift */; };
		871EAB952B75B33B0084366B /* GoogleService-Info.plist in Resources */ = {isa = PBXBuildFile; fileRef = 871EAB942B75B33B0084366B /* GoogleService-Info.plist */; };
		871EAB962B75B33B0084366B /* GoogleService-Info.plist in Resources */ = {isa = PBXBuildFile; fileRef = 871EAB942B75B33B0084366B /* GoogleService-Info.plist */; };
		871EAB992B75B4030084366B /* FirebaseAnalytics in Frameworks */ = {isa = PBXBuildFile; productRef = 871EAB982B75B4030084366B /* FirebaseAnalytics */; };
		871EAB9B2B75B4030084366B /* FirebaseAnalyticsOnDeviceConversion in Frameworks */ = {isa = PBXBuildFile; productRef = 871EAB9A2B75B4030084366B /* FirebaseAnalyticsOnDeviceConversion */; };
		871EAB9D2B75B4030084366B /* FirebaseAnalyticsSwift in Frameworks */ = {isa = PBXBuildFile; productRef = 871EAB9C2B75B4030084366B /* FirebaseAnalyticsSwift */; };
		871EAB9F2B75B4030084366B /* FirebaseAnalyticsWithoutAdIdSupport in Frameworks */ = {isa = PBXBuildFile; productRef = 871EAB9E2B75B4030084366B /* FirebaseAnalyticsWithoutAdIdSupport */; };
		871EABA12B75B4030084366B /* FirebaseAuth in Frameworks */ = {isa = PBXBuildFile; productRef = 871EABA02B75B4030084366B /* FirebaseAuth */; };
		871EABA32B75B4030084366B /* FirebaseCrashlytics in Frameworks */ = {isa = PBXBuildFile; productRef = 871EABA22B75B4030084366B /* FirebaseCrashlytics */; };
		871EABA52B75B4030084366B /* FirebaseDatabase in Frameworks */ = {isa = PBXBuildFile; productRef = 871EABA42B75B4030084366B /* FirebaseDatabase */; };
		871EABA72B75B4030084366B /* FirebaseDatabaseSwift in Frameworks */ = {isa = PBXBuildFile; productRef = 871EABA62B75B4030084366B /* FirebaseDatabaseSwift */; };
		871EABA92B75B4030084366B /* FirebaseFirestore in Frameworks */ = {isa = PBXBuildFile; productRef = 871EABA82B75B4030084366B /* FirebaseFirestore */; };
		871EABAB2B75B4030084366B /* FirebaseInAppMessaging-Beta in Frameworks */ = {isa = PBXBuildFile; productRef = 871EABAA2B75B4030084366B /* FirebaseInAppMessaging-Beta */; };
		871EABAD2B75B4030084366B /* FirebaseMessaging in Frameworks */ = {isa = PBXBuildFile; productRef = 871EABAC2B75B4030084366B /* FirebaseMessaging */; };
		871EABAF2B75B4030084366B /* FirebaseRemoteConfig in Frameworks */ = {isa = PBXBuildFile; productRef = 871EABAE2B75B4030084366B /* FirebaseRemoteConfig */; };
		871EABB12B75B4030084366B /* FirebaseRemoteConfigSwift in Frameworks */ = {isa = PBXBuildFile; productRef = 871EABB02B75B4030084366B /* FirebaseRemoteConfigSwift */; };
		871EABB32B75B4030084366B /* FirebaseStorage in Frameworks */ = {isa = PBXBuildFile; productRef = 871EABB22B75B4030084366B /* FirebaseStorage */; };
		871EABB52B75B4030084366B /* FirebaseStorageCombine-Community in Frameworks */ = {isa = PBXBuildFile; productRef = 871EABB42B75B4030084366B /* FirebaseStorageCombine-Community */; };
		871EABB82B75B4950084366B /* FirebaseAnalytics in Frameworks */ = {isa = PBXBuildFile; productRef = 871EABB72B75B4950084366B /* FirebaseAnalytics */; };
		871EABBA2B75B4950084366B /* FirebaseAnalyticsOnDeviceConversion in Frameworks */ = {isa = PBXBuildFile; productRef = 871EABB92B75B4950084366B /* FirebaseAnalyticsOnDeviceConversion */; };
		871EABBC2B75B4950084366B /* FirebaseAnalyticsSwift in Frameworks */ = {isa = PBXBuildFile; productRef = 871EABBB2B75B4950084366B /* FirebaseAnalyticsSwift */; };
		871EABBE2B75B4950084366B /* FirebaseAnalyticsWithoutAdIdSupport in Frameworks */ = {isa = PBXBuildFile; productRef = 871EABBD2B75B4950084366B /* FirebaseAnalyticsWithoutAdIdSupport */; };
		871EABC02B75B4950084366B /* FirebaseAppCheck in Frameworks */ = {isa = PBXBuildFile; productRef = 871EABBF2B75B4950084366B /* FirebaseAppCheck */; };
		871EABC22B75B4950084366B /* FirebaseAppDistribution-Beta in Frameworks */ = {isa = PBXBuildFile; productRef = 871EABC12B75B4950084366B /* FirebaseAppDistribution-Beta */; };
		871EABC42B75B4950084366B /* FirebaseAuth in Frameworks */ = {isa = PBXBuildFile; productRef = 871EABC32B75B4950084366B /* FirebaseAuth */; };
		871EABC62B75B4950084366B /* FirebaseAuthCombine-Community in Frameworks */ = {isa = PBXBuildFile; productRef = 871EABC52B75B4950084366B /* FirebaseAuthCombine-Community */; };
		871EABC82B75B4950084366B /* FirebaseCrashlytics in Frameworks */ = {isa = PBXBuildFile; productRef = 871EABC72B75B4950084366B /* FirebaseCrashlytics */; };
		871EABCA2B75B4950084366B /* FirebaseDatabase in Frameworks */ = {isa = PBXBuildFile; productRef = 871EABC92B75B4950084366B /* FirebaseDatabase */; };
		871EABCC2B75B4950084366B /* FirebaseDatabaseSwift in Frameworks */ = {isa = PBXBuildFile; productRef = 871EABCB2B75B4950084366B /* FirebaseDatabaseSwift */; };
		871EABCE2B75B4950084366B /* FirebaseDynamicLinks in Frameworks */ = {isa = PBXBuildFile; productRef = 871EABCD2B75B4950084366B /* FirebaseDynamicLinks */; };
		871EABD02B75B4950084366B /* FirebaseFirestore in Frameworks */ = {isa = PBXBuildFile; productRef = 871EABCF2B75B4950084366B /* FirebaseFirestore */; };
		871EABD22B75B4950084366B /* FirebaseFirestoreCombine-Community in Frameworks */ = {isa = PBXBuildFile; productRef = 871EABD12B75B4950084366B /* FirebaseFirestoreCombine-Community */; };
		871EABD42B75B4950084366B /* FirebaseFirestoreSwift in Frameworks */ = {isa = PBXBuildFile; productRef = 871EABD32B75B4950084366B /* FirebaseFirestoreSwift */; };
		871EABD62B75B4950084366B /* FirebaseFunctions in Frameworks */ = {isa = PBXBuildFile; productRef = 871EABD52B75B4950084366B /* FirebaseFunctions */; };
		871EABD82B75B4950084366B /* FirebaseFunctionsCombine-Community in Frameworks */ = {isa = PBXBuildFile; productRef = 871EABD72B75B4950084366B /* FirebaseFunctionsCombine-Community */; };
		871EABDA2B75B4950084366B /* FirebaseInAppMessaging-Beta in Frameworks */ = {isa = PBXBuildFile; productRef = 871EABD92B75B4950084366B /* FirebaseInAppMessaging-Beta */; };
		871EABDC2B75B4950084366B /* FirebaseInAppMessagingSwift-Beta in Frameworks */ = {isa = PBXBuildFile; productRef = 871EABDB2B75B4950084366B /* FirebaseInAppMessagingSwift-Beta */; };
		871EABDE2B75B4950084366B /* FirebaseInstallations in Frameworks */ = {isa = PBXBuildFile; productRef = 871EABDD2B75B4950084366B /* FirebaseInstallations */; };
		871EABE02B75B4950084366B /* FirebaseMessaging in Frameworks */ = {isa = PBXBuildFile; productRef = 871EABDF2B75B4950084366B /* FirebaseMessaging */; };
		871EABE22B75B4950084366B /* FirebaseMLModelDownloader in Frameworks */ = {isa = PBXBuildFile; productRef = 871EABE12B75B4950084366B /* FirebaseMLModelDownloader */; };
		871EABE42B75B4950084366B /* FirebasePerformance in Frameworks */ = {isa = PBXBuildFile; productRef = 871EABE32B75B4950084366B /* FirebasePerformance */; };
		871EABE62B75B4950084366B /* FirebaseRemoteConfig in Frameworks */ = {isa = PBXBuildFile; productRef = 871EABE52B75B4950084366B /* FirebaseRemoteConfig */; };
		871EABE82B75B4950084366B /* FirebaseRemoteConfigSwift in Frameworks */ = {isa = PBXBuildFile; productRef = 871EABE72B75B4950084366B /* FirebaseRemoteConfigSwift */; };
		871EABEA2B75B4950084366B /* FirebaseStorage in Frameworks */ = {isa = PBXBuildFile; productRef = 871EABE92B75B4950084366B /* FirebaseStorage */; };
		871EABEC2B75B4950084366B /* FirebaseStorageCombine-Community in Frameworks */ = {isa = PBXBuildFile; productRef = 871EABEB2B75B4950084366B /* FirebaseStorageCombine-Community */; };
		871EABEE2B75B6A30084366B /* SignInViewModel.swift in Sources */ = {isa = PBXBuildFile; fileRef = 871EABED2B75B6A30084366B /* SignInViewModel.swift */; };
		871EABEF2B75B6A30084366B /* SignInViewModel.swift in Sources */ = {isa = PBXBuildFile; fileRef = 871EABED2B75B6A30084366B /* SignInViewModel.swift */; };
		873DDD2D2B6341A5003D026A /* HomeViewController.swift in Sources */ = {isa = PBXBuildFile; fileRef = 873DDD2C2B6341A5003D026A /* HomeViewController.swift */; };
		873DDD2E2B6341B8003D026A /* HomeViewController.swift in Sources */ = {isa = PBXBuildFile; fileRef = 873DDD2C2B6341A5003D026A /* HomeViewController.swift */; };
		8744EB432B6C813500EA4493 /* AdditionalInfoSignInViewController.swift in Sources */ = {isa = PBXBuildFile; fileRef = 8744EB422B6C813500EA4493 /* AdditionalInfoSignInViewController.swift */; };
		8744EB442B6C813500EA4493 /* AdditionalInfoSignInViewController.swift in Sources */ = {isa = PBXBuildFile; fileRef = 8744EB422B6C813500EA4493 /* AdditionalInfoSignInViewController.swift */; };
		8744EB472B6C827E00EA4493 /* Extension+UIColor.swift in Sources */ = {isa = PBXBuildFile; fileRef = 8744EB462B6C827E00EA4493 /* Extension+UIColor.swift */; };
		8744EB482B6C827E00EA4493 /* Extension+UIColor.swift in Sources */ = {isa = PBXBuildFile; fileRef = 8744EB462B6C827E00EA4493 /* Extension+UIColor.swift */; };
		8744EB4B2B6C857600EA4493 /* DSLineTF.swift in Sources */ = {isa = PBXBuildFile; fileRef = 8744EB4A2B6C857600EA4493 /* DSLineTF.swift */; };
		8744EB4C2B6C857600EA4493 /* DSLineTF.swift in Sources */ = {isa = PBXBuildFile; fileRef = 8744EB4A2B6C857600EA4493 /* DSLineTF.swift */; };
		8744EB4F2B6C877200EA4493 /* DemoTextFieldWithLineViewController.swift in Sources */ = {isa = PBXBuildFile; fileRef = 8744EB4E2B6C877200EA4493 /* DemoTextFieldWithLineViewController.swift */; };
		8744EB502B6C877200EA4493 /* DemoTextFieldWithLineViewController.swift in Sources */ = {isa = PBXBuildFile; fileRef = 8744EB4E2B6C877200EA4493 /* DemoTextFieldWithLineViewController.swift */; };
		8750B3112B73178600D84A8E /* MainViewController.swift in Sources */ = {isa = PBXBuildFile; fileRef = 8750B3102B73178600D84A8E /* MainViewController.swift */; };
		8750B3122B73178900D84A8E /* MainViewController.swift in Sources */ = {isa = PBXBuildFile; fileRef = 8750B3102B73178600D84A8E /* MainViewController.swift */; };
		8794A0902B60A45000349AB7 /* DemoUI.swift in Sources */ = {isa = PBXBuildFile; fileRef = 8794A08F2B60A45000349AB7 /* DemoUI.swift */; };
		8794A0912B60A45C00349AB7 /* DemoUI.swift in Sources */ = {isa = PBXBuildFile; fileRef = 8794A08F2B60A45000349AB7 /* DemoUI.swift */; };
		8794A0932B60A4B000349AB7 /* DSButton.swift in Sources */ = {isa = PBXBuildFile; fileRef = 8794A0922B60A4B000349AB7 /* DSButton.swift */; };
		8794A0952B60A57900349AB7 /* Colors.xcassets in Resources */ = {isa = PBXBuildFile; fileRef = 8794A0942B60A57900349AB7 /* Colors.xcassets */; };
		8794A0982B60A66B00349AB7 /* DemoButtonsTableViewController.swift in Sources */ = {isa = PBXBuildFile; fileRef = 8794A0972B60A66B00349AB7 /* DemoButtonsTableViewController.swift */; };
		8794A0992B60A67F00349AB7 /* DemoButtonsTableViewController.swift in Sources */ = {isa = PBXBuildFile; fileRef = 8794A0972B60A66B00349AB7 /* DemoButtonsTableViewController.swift */; };
		8794A09A2B60A69200349AB7 /* DSButton.swift in Sources */ = {isa = PBXBuildFile; fileRef = 8794A0922B60A4B000349AB7 /* DSButton.swift */; };
		8794A09B2B60A6D700349AB7 /* Colors.xcassets in Resources */ = {isa = PBXBuildFile; fileRef = 8794A0942B60A57900349AB7 /* Colors.xcassets */; };
		8794A09D2B60A73E00349AB7 /* PrimaryButtonTableViewCell.swift in Sources */ = {isa = PBXBuildFile; fileRef = 8794A09C2B60A73E00349AB7 /* PrimaryButtonTableViewCell.swift */; };
		8794A09E2B60A8DD00349AB7 /* PrimaryButtonTableViewCell.swift in Sources */ = {isa = PBXBuildFile; fileRef = 8794A09C2B60A73E00349AB7 /* PrimaryButtonTableViewCell.swift */; };
		8794A0A02B60ADCA00349AB7 /* SecondaryButtonTableViewCell.swift in Sources */ = {isa = PBXBuildFile; fileRef = 8794A09F2B60ADCA00349AB7 /* SecondaryButtonTableViewCell.swift */; };
		8794A0A12B60ADCA00349AB7 /* SecondaryButtonTableViewCell.swift in Sources */ = {isa = PBXBuildFile; fileRef = 8794A09F2B60ADCA00349AB7 /* SecondaryButtonTableViewCell.swift */; };
		87A968A82B59F7DF00FF54B9 /* DemoTableViewController.swift in Sources */ = {isa = PBXBuildFile; fileRef = 87E006822B576A9C000DE097 /* DemoTableViewController.swift */; };
		87A968A92B59F7DF00FF54B9 /* ViewController.swift in Sources */ = {isa = PBXBuildFile; fileRef = 87E006692B575D64000DE097 /* ViewController.swift */; };
		87A968AA2B59F7DF00FF54B9 /* MiFloreria.xcdatamodeld in Sources */ = {isa = PBXBuildFile; fileRef = 87E0066E2B575D64000DE097 /* MiFloreria.xcdatamodeld */; };
		87A968AB2B59F7DF00FF54B9 /* AppDelegate.swift in Sources */ = {isa = PBXBuildFile; fileRef = 87E006652B575D64000DE097 /* AppDelegate.swift */; };
		87A968AC2B59F7DF00FF54B9 /* SceneDelegate.swift in Sources */ = {isa = PBXBuildFile; fileRef = 87E006672B575D64000DE097 /* SceneDelegate.swift */; };
		87A968AE2B59F7DF00FF54B9 /* ProjectUI in Frameworks */ = {isa = PBXBuildFile; productRef = 87A968A52B59F7DF00FF54B9 /* ProjectUI */; };
		87A968B02B59F7DF00FF54B9 /* LaunchScreen.storyboard in Resources */ = {isa = PBXBuildFile; fileRef = 87E006732B575D65000DE097 /* LaunchScreen.storyboard */; };
		87A968B12B59F7DF00FF54B9 /* Assets.xcassets in Resources */ = {isa = PBXBuildFile; fileRef = 87E006712B575D65000DE097 /* Assets.xcassets */; };
		87A968B22B59F7DF00FF54B9 /* Main.storyboard in Resources */ = {isa = PBXBuildFile; fileRef = 87E0066B2B575D64000DE097 /* Main.storyboard */; };
		87A968BF2B5A08E700FF54B9 /* Extension+UIControl.swift in Sources */ = {isa = PBXBuildFile; fileRef = 87A968BE2B5A08E700FF54B9 /* Extension+UIControl.swift */; };
		87A968C02B5A08EC00FF54B9 /* Extension+UIControl.swift in Sources */ = {isa = PBXBuildFile; fileRef = 87A968BE2B5A08E700FF54B9 /* Extension+UIControl.swift */; };
		87C8A1E32B9ABD01009D553B /* RecoveryPassViewController.swift in Sources */ = {isa = PBXBuildFile; fileRef = 87C8A1E22B9ABD01009D553B /* RecoveryPassViewController.swift */; };
		87C8A1E42B9ABD01009D553B /* RecoveryPassViewController.swift in Sources */ = {isa = PBXBuildFile; fileRef = 87C8A1E22B9ABD01009D553B /* RecoveryPassViewController.swift */; };
		87D03C1C2B7C4E0300096D42 /* VerifyCodeViewController.swift in Sources */ = {isa = PBXBuildFile; fileRef = 87D03C1B2B7C4E0300096D42 /* VerifyCodeViewController.swift */; };
		87D03C1D2B7C4E0300096D42 /* VerifyCodeViewController.swift in Sources */ = {isa = PBXBuildFile; fileRef = 87D03C1B2B7C4E0300096D42 /* VerifyCodeViewController.swift */; };
		87E006662B575D64000DE097 /* AppDelegate.swift in Sources */ = {isa = PBXBuildFile; fileRef = 87E006652B575D64000DE097 /* AppDelegate.swift */; };
		87E006682B575D64000DE097 /* SceneDelegate.swift in Sources */ = {isa = PBXBuildFile; fileRef = 87E006672B575D64000DE097 /* SceneDelegate.swift */; };
		87E0066A2B575D64000DE097 /* ViewController.swift in Sources */ = {isa = PBXBuildFile; fileRef = 87E006692B575D64000DE097 /* ViewController.swift */; };
		87E0066D2B575D64000DE097 /* Main.storyboard in Resources */ = {isa = PBXBuildFile; fileRef = 87E0066B2B575D64000DE097 /* Main.storyboard */; };
		87E006702B575D64000DE097 /* MiFloreria.xcdatamodeld in Sources */ = {isa = PBXBuildFile; fileRef = 87E0066E2B575D64000DE097 /* MiFloreria.xcdatamodeld */; };
		87E006722B575D65000DE097 /* Assets.xcassets in Resources */ = {isa = PBXBuildFile; fileRef = 87E006712B575D65000DE097 /* Assets.xcassets */; };
		87E006752B575D65000DE097 /* LaunchScreen.storyboard in Resources */ = {isa = PBXBuildFile; fileRef = 87E006732B575D65000DE097 /* LaunchScreen.storyboard */; };
		87E0067E2B575FC7000DE097 /* ProjectUI in Frameworks */ = {isa = PBXBuildFile; productRef = 87E0067D2B575FC7000DE097 /* ProjectUI */; };
		87E006832B576A9C000DE097 /* DemoTableViewController.swift in Sources */ = {isa = PBXBuildFile; fileRef = 87E006822B576A9C000DE097 /* DemoTableViewController.swift */; };
		87FD9F472B8EC56900C4D23E /* UserInfo.swift in Sources */ = {isa = PBXBuildFile; fileRef = 87FD9F462B8EC56900C4D23E /* UserInfo.swift */; };
		87FD9F482B8EC56900C4D23E /* UserInfo.swift in Sources */ = {isa = PBXBuildFile; fileRef = 87FD9F462B8EC56900C4D23E /* UserInfo.swift */; };
		87FD9F4A2B8ECE4600C4D23E /* AdditionalInfoViewModel.swift in Sources */ = {isa = PBXBuildFile; fileRef = 87FD9F492B8ECE4600C4D23E /* AdditionalInfoViewModel.swift */; };
		87FD9F4B2B8ECE4600C4D23E /* AdditionalInfoViewModel.swift in Sources */ = {isa = PBXBuildFile; fileRef = 87FD9F492B8ECE4600C4D23E /* AdditionalInfoViewModel.swift */; };
		B92ED9422B6C857300BA682B /* PhoneViewController.swift in Sources */ = {isa = PBXBuildFile; fileRef = B92ED9412B6C857300BA682B /* PhoneViewController.swift */; };
		B92ED9432B6C89A200BA682B /* PhoneViewController.swift in Sources */ = {isa = PBXBuildFile; fileRef = B92ED9412B6C857300BA682B /* PhoneViewController.swift */; };
/* End PBXBuildFile section */

/* Begin PBXFileReference section */
		870FC13C2B9800980059A89A /* Constants.swift */ = {isa = PBXFileReference; lastKnownFileType = sourcecode.swift; path = Constants.swift; sourceTree = "<group>"; };
		870FC13F2B9804D90059A89A /* HomeAnalyticsTracking.swift */ = {isa = PBXFileReference; lastKnownFileType = sourcecode.swift; path = HomeAnalyticsTracking.swift; sourceTree = "<group>"; };
		870FC1422B9806CB0059A89A /* PhoneAnalytics.swift */ = {isa = PBXFileReference; lastKnownFileType = sourcecode.swift; path = PhoneAnalytics.swift; sourceTree = "<group>"; };
		870FC1452B9809680059A89A /* VerifyCodeAnalytics.swift */ = {isa = PBXFileReference; lastKnownFileType = sourcecode.swift; path = VerifyCodeAnalytics.swift; sourceTree = "<group>"; };
		870FC1482B980A220059A89A /* AdditionalInfoAnalytics.swift */ = {isa = PBXFileReference; lastKnownFileType = sourcecode.swift; path = AdditionalInfoAnalytics.swift; sourceTree = "<group>"; };
		871E7AB62B8FD6B300350C41 /* ContentView.swift */ = {isa = PBXFileReference; lastKnownFileType = sourcecode.swift; path = ContentView.swift; sourceTree = "<group>"; };
		871EAB942B75B33B0084366B /* GoogleService-Info.plist */ = {isa = PBXFileReference; fileEncoding = 4; lastKnownFileType = text.plist.xml; path = "GoogleService-Info.plist"; sourceTree = "<group>"; };
		871EABED2B75B6A30084366B /* SignInViewModel.swift */ = {isa = PBXFileReference; lastKnownFileType = sourcecode.swift; path = SignInViewModel.swift; sourceTree = "<group>"; };
		873DDD2C2B6341A5003D026A /* HomeViewController.swift */ = {isa = PBXFileReference; lastKnownFileType = sourcecode.swift; path = HomeViewController.swift; sourceTree = "<group>"; };
		8744EB422B6C813500EA4493 /* AdditionalInfoSignInViewController.swift */ = {isa = PBXFileReference; lastKnownFileType = sourcecode.swift; path = AdditionalInfoSignInViewController.swift; sourceTree = "<group>"; };
		8744EB462B6C827E00EA4493 /* Extension+UIColor.swift */ = {isa = PBXFileReference; lastKnownFileType = sourcecode.swift; path = "Extension+UIColor.swift"; sourceTree = "<group>"; };
		8744EB4A2B6C857600EA4493 /* DSLineTF.swift */ = {isa = PBXFileReference; lastKnownFileType = sourcecode.swift; path = DSLineTF.swift; sourceTree = "<group>"; };
		8744EB4E2B6C877200EA4493 /* DemoTextFieldWithLineViewController.swift */ = {isa = PBXFileReference; lastKnownFileType = sourcecode.swift; path = DemoTextFieldWithLineViewController.swift; sourceTree = "<group>"; };
		8750B3102B73178600D84A8E /* MainViewController.swift */ = {isa = PBXFileReference; lastKnownFileType = sourcecode.swift; path = MainViewController.swift; sourceTree = "<group>"; };
		8794A08F2B60A45000349AB7 /* DemoUI.swift */ = {isa = PBXFileReference; lastKnownFileType = sourcecode.swift; path = DemoUI.swift; sourceTree = "<group>"; };
		8794A0922B60A4B000349AB7 /* DSButton.swift */ = {isa = PBXFileReference; lastKnownFileType = sourcecode.swift; path = DSButton.swift; sourceTree = "<group>"; };
		8794A0942B60A57900349AB7 /* Colors.xcassets */ = {isa = PBXFileReference; lastKnownFileType = folder.assetcatalog; path = Colors.xcassets; sourceTree = "<group>"; };
		8794A0972B60A66B00349AB7 /* DemoButtonsTableViewController.swift */ = {isa = PBXFileReference; lastKnownFileType = sourcecode.swift; path = DemoButtonsTableViewController.swift; sourceTree = "<group>"; };
		8794A09C2B60A73E00349AB7 /* PrimaryButtonTableViewCell.swift */ = {isa = PBXFileReference; lastKnownFileType = sourcecode.swift; path = PrimaryButtonTableViewCell.swift; sourceTree = "<group>"; };
		8794A09F2B60ADCA00349AB7 /* SecondaryButtonTableViewCell.swift */ = {isa = PBXFileReference; lastKnownFileType = sourcecode.swift; path = SecondaryButtonTableViewCell.swift; sourceTree = "<group>"; };
		87A968B62B59F7DF00FF54B9 /* DemoUI.app */ = {isa = PBXFileReference; explicitFileType = wrapper.application; includeInIndex = 0; path = DemoUI.app; sourceTree = BUILT_PRODUCTS_DIR; };
		87A968BE2B5A08E700FF54B9 /* Extension+UIControl.swift */ = {isa = PBXFileReference; lastKnownFileType = sourcecode.swift; path = "Extension+UIControl.swift"; sourceTree = "<group>"; };
		87C8A1E22B9ABD01009D553B /* RecoveryPassViewController.swift */ = {isa = PBXFileReference; lastKnownFileType = sourcecode.swift; path = RecoveryPassViewController.swift; sourceTree = "<group>"; };
		87D03C1B2B7C4E0300096D42 /* VerifyCodeViewController.swift */ = {isa = PBXFileReference; lastKnownFileType = sourcecode.swift; path = VerifyCodeViewController.swift; sourceTree = "<group>"; };
		87E006622B575D64000DE097 /* MiFloreria.app */ = {isa = PBXFileReference; explicitFileType = wrapper.application; includeInIndex = 0; path = MiFloreria.app; sourceTree = BUILT_PRODUCTS_DIR; };
		87E006652B575D64000DE097 /* AppDelegate.swift */ = {isa = PBXFileReference; lastKnownFileType = sourcecode.swift; path = AppDelegate.swift; sourceTree = "<group>"; };
		87E006672B575D64000DE097 /* SceneDelegate.swift */ = {isa = PBXFileReference; lastKnownFileType = sourcecode.swift; path = SceneDelegate.swift; sourceTree = "<group>"; };
		87E006692B575D64000DE097 /* ViewController.swift */ = {isa = PBXFileReference; lastKnownFileType = sourcecode.swift; path = ViewController.swift; sourceTree = "<group>"; };
		87E0066C2B575D64000DE097 /* Base */ = {isa = PBXFileReference; lastKnownFileType = file.storyboard; name = Base; path = Base.lproj/Main.storyboard; sourceTree = "<group>"; };
		87E0066F2B575D64000DE097 /* MiFloreria.xcdatamodel */ = {isa = PBXFileReference; lastKnownFileType = wrapper.xcdatamodel; path = MiFloreria.xcdatamodel; sourceTree = "<group>"; };
		87E006712B575D65000DE097 /* Assets.xcassets */ = {isa = PBXFileReference; lastKnownFileType = folder.assetcatalog; path = Assets.xcassets; sourceTree = "<group>"; };
		87E006742B575D65000DE097 /* Base */ = {isa = PBXFileReference; lastKnownFileType = file.storyboard; name = Base; path = Base.lproj/LaunchScreen.storyboard; sourceTree = "<group>"; };
		87E006762B575D65000DE097 /* Info.plist */ = {isa = PBXFileReference; lastKnownFileType = text.plist.xml; path = Info.plist; sourceTree = "<group>"; };
		87E006822B576A9C000DE097 /* DemoTableViewController.swift */ = {isa = PBXFileReference; lastKnownFileType = sourcecode.swift; path = DemoTableViewController.swift; sourceTree = "<group>"; };
		87FD9F462B8EC56900C4D23E /* UserInfo.swift */ = {isa = PBXFileReference; lastKnownFileType = sourcecode.swift; path = UserInfo.swift; sourceTree = "<group>"; };
		87FD9F492B8ECE4600C4D23E /* AdditionalInfoViewModel.swift */ = {isa = PBXFileReference; lastKnownFileType = sourcecode.swift; path = AdditionalInfoViewModel.swift; sourceTree = "<group>"; };
		B92ED9412B6C857300BA682B /* PhoneViewController.swift */ = {isa = PBXFileReference; lastKnownFileType = sourcecode.swift; path = PhoneViewController.swift; sourceTree = "<group>"; };
/* End PBXFileReference section */

/* Begin PBXFrameworksBuildPhase section */
		87A968AD2B59F7DF00FF54B9 /* Frameworks */ = {
			isa = PBXFrameworksBuildPhase;
			buildActionMask = 2147483647;
			files = (
				871EABD62B75B4950084366B /* FirebaseFunctions in Frameworks */,
				871EABCC2B75B4950084366B /* FirebaseDatabaseSwift in Frameworks */,
				871EABDC2B75B4950084366B /* FirebaseInAppMessagingSwift-Beta in Frameworks */,
				871EABC22B75B4950084366B /* FirebaseAppDistribution-Beta in Frameworks */,
				871EABC62B75B4950084366B /* FirebaseAuthCombine-Community in Frameworks */,
				871EABD22B75B4950084366B /* FirebaseFirestoreCombine-Community in Frameworks */,
				871EABBC2B75B4950084366B /* FirebaseAnalyticsSwift in Frameworks */,
				871EABBE2B75B4950084366B /* FirebaseAnalyticsWithoutAdIdSupport in Frameworks */,
				871EABB82B75B4950084366B /* FirebaseAnalytics in Frameworks */,
				871EABE22B75B4950084366B /* FirebaseMLModelDownloader in Frameworks */,
				871EABD42B75B4950084366B /* FirebaseFirestoreSwift in Frameworks */,
				871EABBA2B75B4950084366B /* FirebaseAnalyticsOnDeviceConversion in Frameworks */,
				871EABC02B75B4950084366B /* FirebaseAppCheck in Frameworks */,
				871EABDA2B75B4950084366B /* FirebaseInAppMessaging-Beta in Frameworks */,
				871EABE42B75B4950084366B /* FirebasePerformance in Frameworks */,
				871EABD82B75B4950084366B /* FirebaseFunctionsCombine-Community in Frameworks */,
				871EABC82B75B4950084366B /* FirebaseCrashlytics in Frameworks */,
				871EABDE2B75B4950084366B /* FirebaseInstallations in Frameworks */,
				871EABCA2B75B4950084366B /* FirebaseDatabase in Frameworks */,
				871EABE62B75B4950084366B /* FirebaseRemoteConfig in Frameworks */,
				871EABEA2B75B4950084366B /* FirebaseStorage in Frameworks */,
				87A968AE2B59F7DF00FF54B9 /* ProjectUI in Frameworks */,
				871EABEC2B75B4950084366B /* FirebaseStorageCombine-Community in Frameworks */,
				871EABC42B75B4950084366B /* FirebaseAuth in Frameworks */,
				871EABCE2B75B4950084366B /* FirebaseDynamicLinks in Frameworks */,
				871EABE02B75B4950084366B /* FirebaseMessaging in Frameworks */,
				871EABD02B75B4950084366B /* FirebaseFirestore in Frameworks */,
				871EABE82B75B4950084366B /* FirebaseRemoteConfigSwift in Frameworks */,
			);
			runOnlyForDeploymentPostprocessing = 0;
		};
		87E0065F2B575D64000DE097 /* Frameworks */ = {
			isa = PBXFrameworksBuildPhase;
			buildActionMask = 2147483647;
			files = (
				871EABAD2B75B4030084366B /* FirebaseMessaging in Frameworks */,
				871EAB9D2B75B4030084366B /* FirebaseAnalyticsSwift in Frameworks */,
				871EABA12B75B4030084366B /* FirebaseAuth in Frameworks */,
				871EABB12B75B4030084366B /* FirebaseRemoteConfigSwift in Frameworks */,
				871EAB9F2B75B4030084366B /* FirebaseAnalyticsWithoutAdIdSupport in Frameworks */,
				871EABA92B75B4030084366B /* FirebaseFirestore in Frameworks */,
				871EABA72B75B4030084366B /* FirebaseDatabaseSwift in Frameworks */,
				871EABA32B75B4030084366B /* FirebaseCrashlytics in Frameworks */,
				871EABB32B75B4030084366B /* FirebaseStorage in Frameworks */,
				871EABAB2B75B4030084366B /* FirebaseInAppMessaging-Beta in Frameworks */,
				871EABB52B75B4030084366B /* FirebaseStorageCombine-Community in Frameworks */,
				871EAB992B75B4030084366B /* FirebaseAnalytics in Frameworks */,
				871EAB9B2B75B4030084366B /* FirebaseAnalyticsOnDeviceConversion in Frameworks */,
				871EABAF2B75B4030084366B /* FirebaseRemoteConfig in Frameworks */,
				871EABA52B75B4030084366B /* FirebaseDatabase in Frameworks */,
				87E0067E2B575FC7000DE097 /* ProjectUI in Frameworks */,
			);
			runOnlyForDeploymentPostprocessing = 0;
		};
/* End PBXFrameworksBuildPhase section */

/* Begin PBXGroup section */
		871EABB62B75B4950084366B /* Frameworks */ = {
			isa = PBXGroup;
			children = (
			);
			name = Frameworks;
			sourceTree = "<group>";
		};
		873DDD282B634162003D026A /* Sources */ = {
			isa = PBXGroup;
			children = (
				8750B30F2B73177B00D84A8E /* General */,
				873DDD292B634167003D026A /* LoginFeature */,
			);
			path = Sources;
			sourceTree = "<group>";
		};
		873DDD292B634167003D026A /* LoginFeature */ = {
			isa = PBXGroup;
			children = (
				87C8A1E12B9ABCEE009D553B /* RecoveryPassword */,
				873DDD2A2B634179003D026A /* Home */,
				B92ED93E2B6C81B700BA682B /* SignIn */,
				87D03C1A2B7C4D9C00096D42 /* VerifyCode */,
				8744EB412B6C810600EA4493 /* AdditionalInfo */,
			);
			path = LoginFeature;
			sourceTree = "<group>";
		};
		873DDD2A2B634179003D026A /* Home */ = {
			isa = PBXGroup;
			children = (
				873DDD2C2B6341A5003D026A /* HomeViewController.swift */,
				870FC13F2B9804D90059A89A /* HomeAnalyticsTracking.swift */,
			);
			path = Home;
			sourceTree = "<group>";
		};
		8744EB412B6C810600EA4493 /* AdditionalInfo */ = {
			isa = PBXGroup;
			children = (
				8744EB422B6C813500EA4493 /* AdditionalInfoSignInViewController.swift */,
				87FD9F492B8ECE4600C4D23E /* AdditionalInfoViewModel.swift */,
				870FC1482B980A220059A89A /* AdditionalInfoAnalytics.swift */,
			);
			path = AdditionalInfo;
			sourceTree = "<group>";
		};
		8744EB492B6C850600EA4493 /* Textfields */ = {
			isa = PBXGroup;
			children = (
				8744EB4A2B6C857600EA4493 /* DSLineTF.swift */,
			);
			path = Textfields;
			sourceTree = "<group>";
		};
		8744EB4D2B6C874800EA4493 /* DemoTextFields */ = {
			isa = PBXGroup;
			children = (
				8744EB4E2B6C877200EA4493 /* DemoTextFieldWithLineViewController.swift */,
			);
			path = DemoTextFields;
			sourceTree = "<group>";
		};
		8750B30F2B73177B00D84A8E /* General */ = {
			isa = PBXGroup;
			children = (
				8750B3102B73178600D84A8E /* MainViewController.swift */,
				87FD9F462B8EC56900C4D23E /* UserInfo.swift */,
				871E7AB62B8FD6B300350C41 /* ContentView.swift */,
				870FC13C2B9800980059A89A /* Constants.swift */,
			);
			path = General;
			sourceTree = "<group>";
		};
		8794A0962B60A64D00349AB7 /* DemoButtons */ = {
			isa = PBXGroup;
			children = (
				8794A0972B60A66B00349AB7 /* DemoButtonsTableViewController.swift */,
				8794A09C2B60A73E00349AB7 /* PrimaryButtonTableViewCell.swift */,
				8794A09F2B60ADCA00349AB7 /* SecondaryButtonTableViewCell.swift */,
			);
			path = DemoButtons;
			sourceTree = "<group>";
		};
		87A968B82B5A018500FF54B9 /* Buttons */ = {
			isa = PBXGroup;
			children = (
				8794A0922B60A4B000349AB7 /* DSButton.swift */,
			);
			path = Buttons;
			sourceTree = "<group>";
		};
		87A968BB2B5A01B800FF54B9 /* UIComponents */ = {
			isa = PBXGroup;
			children = (
				8744EB492B6C850600EA4493 /* Textfields */,
				87A968B82B5A018500FF54B9 /* Buttons */,
				8794A0942B60A57900349AB7 /* Colors.xcassets */,
			);
			path = UIComponents;
			sourceTree = "<group>";
		};
		87A968BD2B5A08D500FF54B9 /* Extensions */ = {
			isa = PBXGroup;
			children = (
				87A968BE2B5A08E700FF54B9 /* Extension+UIControl.swift */,
				8744EB462B6C827E00EA4493 /* Extension+UIColor.swift */,
			);
			path = Extensions;
			sourceTree = "<group>";
		};
		87C8A1E12B9ABCEE009D553B /* RecoveryPassword */ = {
			isa = PBXGroup;
			children = (
				87C8A1E22B9ABD01009D553B /* RecoveryPassViewController.swift */,
			);
			path = RecoveryPassword;
			sourceTree = "<group>";
		};
		87D03C1A2B7C4D9C00096D42 /* VerifyCode */ = {
			isa = PBXGroup;
			children = (
				87D03C1B2B7C4E0300096D42 /* VerifyCodeViewController.swift */,
				870FC1452B9809680059A89A /* VerifyCodeAnalytics.swift */,
			);
			path = VerifyCode;
			sourceTree = "<group>";
		};
		87E006592B575D64000DE097 = {
			isa = PBXGroup;
			children = (
				87E006642B575D64000DE097 /* MiFloreria */,
				87E006632B575D64000DE097 /* Products */,
				871EABB62B75B4950084366B /* Frameworks */,
			);
			sourceTree = "<group>";
		};
		87E006632B575D64000DE097 /* Products */ = {
			isa = PBXGroup;
			children = (
				87E006622B575D64000DE097 /* MiFloreria.app */,
				87A968B62B59F7DF00FF54B9 /* DemoUI.app */,
			);
			name = Products;
			sourceTree = "<group>";
		};
		87E006642B575D64000DE097 /* MiFloreria */ = {
			isa = PBXGroup;
			children = (
				873DDD282B634162003D026A /* Sources */,
				87A968BD2B5A08D500FF54B9 /* Extensions */,
				87A968BB2B5A01B800FF54B9 /* UIComponents */,
				87E006812B576A80000DE097 /* AppUIDemo */,
				87E006652B575D64000DE097 /* AppDelegate.swift */,
				87E006672B575D64000DE097 /* SceneDelegate.swift */,
				87E006692B575D64000DE097 /* ViewController.swift */,
				87E0066B2B575D64000DE097 /* Main.storyboard */,
				87E006712B575D65000DE097 /* Assets.xcassets */,
				87E006732B575D65000DE097 /* LaunchScreen.storyboard */,
				87E006762B575D65000DE097 /* Info.plist */,
				871EAB942B75B33B0084366B /* GoogleService-Info.plist */,
				87E0066E2B575D64000DE097 /* MiFloreria.xcdatamodeld */,
			);
			path = MiFloreria;
			sourceTree = "<group>";
		};
		87E006812B576A80000DE097 /* AppUIDemo */ = {
			isa = PBXGroup;
			children = (
				8744EB4D2B6C874800EA4493 /* DemoTextFields */,
				8794A0962B60A64D00349AB7 /* DemoButtons */,
				87E006822B576A9C000DE097 /* DemoTableViewController.swift */,
				8794A08F2B60A45000349AB7 /* DemoUI.swift */,
			);
			path = AppUIDemo;
			sourceTree = "<group>";
		};
		B92ED93E2B6C81B700BA682B /* SignIn */ = {
			isa = PBXGroup;
			children = (
				B92ED9412B6C857300BA682B /* PhoneViewController.swift */,
				871EABED2B75B6A30084366B /* SignInViewModel.swift */,
				870FC1422B9806CB0059A89A /* PhoneAnalytics.swift */,
			);
			path = SignIn;
			sourceTree = "<group>";
		};
/* End PBXGroup section */

/* Begin PBXNativeTarget section */
		87A968A42B59F7DF00FF54B9 /* DemoUI */ = {
			isa = PBXNativeTarget;
			buildConfigurationList = 87A968B32B59F7DF00FF54B9 /* Build configuration list for PBXNativeTarget "DemoUI" */;
			buildPhases = (
				87A968A72B59F7DF00FF54B9 /* Sources */,
				87A968AD2B59F7DF00FF54B9 /* Frameworks */,
				87A968AF2B59F7DF00FF54B9 /* Resources */,
			);
			buildRules = (
			);
			dependencies = (
			);
			name = DemoUI;
			packageProductDependencies = (
				87A968A52B59F7DF00FF54B9 /* ProjectUI */,
				871EABB72B75B4950084366B /* FirebaseAnalytics */,
				871EABB92B75B4950084366B /* FirebaseAnalyticsOnDeviceConversion */,
				871EABBB2B75B4950084366B /* FirebaseAnalyticsSwift */,
				871EABBD2B75B4950084366B /* FirebaseAnalyticsWithoutAdIdSupport */,
				871EABBF2B75B4950084366B /* FirebaseAppCheck */,
				871EABC12B75B4950084366B /* FirebaseAppDistribution-Beta */,
				871EABC32B75B4950084366B /* FirebaseAuth */,
				871EABC52B75B4950084366B /* FirebaseAuthCombine-Community */,
				871EABC72B75B4950084366B /* FirebaseCrashlytics */,
				871EABC92B75B4950084366B /* FirebaseDatabase */,
				871EABCB2B75B4950084366B /* FirebaseDatabaseSwift */,
				871EABCD2B75B4950084366B /* FirebaseDynamicLinks */,
				871EABCF2B75B4950084366B /* FirebaseFirestore */,
				871EABD12B75B4950084366B /* FirebaseFirestoreCombine-Community */,
				871EABD32B75B4950084366B /* FirebaseFirestoreSwift */,
				871EABD52B75B4950084366B /* FirebaseFunctions */,
				871EABD72B75B4950084366B /* FirebaseFunctionsCombine-Community */,
				871EABD92B75B4950084366B /* FirebaseInAppMessaging-Beta */,
				871EABDB2B75B4950084366B /* FirebaseInAppMessagingSwift-Beta */,
				871EABDD2B75B4950084366B /* FirebaseInstallations */,
				871EABDF2B75B4950084366B /* FirebaseMessaging */,
				871EABE12B75B4950084366B /* FirebaseMLModelDownloader */,
				871EABE32B75B4950084366B /* FirebasePerformance */,
				871EABE52B75B4950084366B /* FirebaseRemoteConfig */,
				871EABE72B75B4950084366B /* FirebaseRemoteConfigSwift */,
				871EABE92B75B4950084366B /* FirebaseStorage */,
				871EABEB2B75B4950084366B /* FirebaseStorageCombine-Community */,
			);
			productName = MiFloreria;
			productReference = 87A968B62B59F7DF00FF54B9 /* DemoUI.app */;
			productType = "com.apple.product-type.application";
		};
		87E006612B575D64000DE097 /* MiFloreria */ = {
			isa = PBXNativeTarget;
			buildConfigurationList = 87E006792B575D65000DE097 /* Build configuration list for PBXNativeTarget "MiFloreria" */;
			buildPhases = (
				87E0065E2B575D64000DE097 /* Sources */,
				87E0065F2B575D64000DE097 /* Frameworks */,
				87E006602B575D64000DE097 /* Resources */,
			);
			buildRules = (
			);
			dependencies = (
			);
			name = MiFloreria;
			packageProductDependencies = (
				87E0067D2B575FC7000DE097 /* ProjectUI */,
				871EAB982B75B4030084366B /* FirebaseAnalytics */,
				871EAB9A2B75B4030084366B /* FirebaseAnalyticsOnDeviceConversion */,
				871EAB9C2B75B4030084366B /* FirebaseAnalyticsSwift */,
				871EAB9E2B75B4030084366B /* FirebaseAnalyticsWithoutAdIdSupport */,
				871EABA02B75B4030084366B /* FirebaseAuth */,
				871EABA22B75B4030084366B /* FirebaseCrashlytics */,
				871EABA42B75B4030084366B /* FirebaseDatabase */,
				871EABA62B75B4030084366B /* FirebaseDatabaseSwift */,
				871EABA82B75B4030084366B /* FirebaseFirestore */,
				871EABAA2B75B4030084366B /* FirebaseInAppMessaging-Beta */,
				871EABAC2B75B4030084366B /* FirebaseMessaging */,
				871EABAE2B75B4030084366B /* FirebaseRemoteConfig */,
				871EABB02B75B4030084366B /* FirebaseRemoteConfigSwift */,
				871EABB22B75B4030084366B /* FirebaseStorage */,
				871EABB42B75B4030084366B /* FirebaseStorageCombine-Community */,
			);
			productName = MiFloreria;
			productReference = 87E006622B575D64000DE097 /* MiFloreria.app */;
			productType = "com.apple.product-type.application";
		};
/* End PBXNativeTarget section */

/* Begin PBXProject section */
		87E0065A2B575D64000DE097 /* Project object */ = {
			isa = PBXProject;
			attributes = {
				BuildIndependentTargetsInParallel = 1;
				LastSwiftUpdateCheck = 1520;
				LastUpgradeCheck = 1520;
				TargetAttributes = {
					87E006612B575D64000DE097 = {
						CreatedOnToolsVersion = 15.2;
					};
				};
			};
			buildConfigurationList = 87E0065D2B575D64000DE097 /* Build configuration list for PBXProject "MiFloreria" */;
			compatibilityVersion = "Xcode 14.0";
			developmentRegion = en;
			hasScannedForEncodings = 0;
			knownRegions = (
				en,
				Base,
			);
			mainGroup = 87E006592B575D64000DE097;
			packageReferences = (
				87E0067C2B575FC7000DE097 /* XCRemoteSwiftPackageReference "ProjectUI" */,
				871EAB972B75B4030084366B /* XCRemoteSwiftPackageReference "firebase-ios-sdk" */,
			);
			productRefGroup = 87E006632B575D64000DE097 /* Products */;
			projectDirPath = "";
			projectRoot = "";
			targets = (
				87E006612B575D64000DE097 /* MiFloreria */,
				87A968A42B59F7DF00FF54B9 /* DemoUI */,
			);
		};
/* End PBXProject section */

/* Begin PBXResourcesBuildPhase section */
		87A968AF2B59F7DF00FF54B9 /* Resources */ = {
			isa = PBXResourcesBuildPhase;
			buildActionMask = 2147483647;
			files = (
				87A968B02B59F7DF00FF54B9 /* LaunchScreen.storyboard in Resources */,
				8794A09B2B60A6D700349AB7 /* Colors.xcassets in Resources */,
				871EAB962B75B33B0084366B /* GoogleService-Info.plist in Resources */,
				87A968B12B59F7DF00FF54B9 /* Assets.xcassets in Resources */,
				87A968B22B59F7DF00FF54B9 /* Main.storyboard in Resources */,
			);
			runOnlyForDeploymentPostprocessing = 0;
		};
		87E006602B575D64000DE097 /* Resources */ = {
			isa = PBXResourcesBuildPhase;
			buildActionMask = 2147483647;
			files = (
				87E006752B575D65000DE097 /* LaunchScreen.storyboard in Resources */,
				8794A0952B60A57900349AB7 /* Colors.xcassets in Resources */,
				871EAB952B75B33B0084366B /* GoogleService-Info.plist in Resources */,
				87E006722B575D65000DE097 /* Assets.xcassets in Resources */,
				87E0066D2B575D64000DE097 /* Main.storyboard in Resources */,
			);
			runOnlyForDeploymentPostprocessing = 0;
		};
/* End PBXResourcesBuildPhase section */

/* Begin PBXSourcesBuildPhase section */
		87A968A72B59F7DF00FF54B9 /* Sources */ = {
			isa = PBXSourcesBuildPhase;
			buildActionMask = 2147483647;
			files = (
				87A968A82B59F7DF00FF54B9 /* DemoTableViewController.swift in Sources */,
				870FC14A2B980A220059A89A /* AdditionalInfoAnalytics.swift in Sources */,
				8794A0912B60A45C00349AB7 /* DemoUI.swift in Sources */,
				8794A09E2B60A8DD00349AB7 /* PrimaryButtonTableViewCell.swift in Sources */,
				871EABEF2B75B6A30084366B /* SignInViewModel.swift in Sources */,
				870FC1472B9809680059A89A /* VerifyCodeAnalytics.swift in Sources */,
				8794A0A12B60ADCA00349AB7 /* SecondaryButtonTableViewCell.swift in Sources */,
				8744EB442B6C813500EA4493 /* AdditionalInfoSignInViewController.swift in Sources */,
				87A968A92B59F7DF00FF54B9 /* ViewController.swift in Sources */,
				870FC1442B9806CB0059A89A /* PhoneAnalytics.swift in Sources */,
				8744EB4C2B6C857600EA4493 /* DSLineTF.swift in Sources */,
				87A968AA2B59F7DF00FF54B9 /* MiFloreria.xcdatamodeld in Sources */,
				87A968AB2B59F7DF00FF54B9 /* AppDelegate.swift in Sources */,
				8794A09A2B60A69200349AB7 /* DSButton.swift in Sources */,
				87FD9F4B2B8ECE4600C4D23E /* AdditionalInfoViewModel.swift in Sources */,
				8744EB482B6C827E00EA4493 /* Extension+UIColor.swift in Sources */,
				87A968AC2B59F7DF00FF54B9 /* SceneDelegate.swift in Sources */,
				8744EB502B6C877200EA4493 /* DemoTextFieldWithLineViewController.swift in Sources */,
				8794A0992B60A67F00349AB7 /* DemoButtonsTableViewController.swift in Sources */,
				87D03C1D2B7C4E0300096D42 /* VerifyCodeViewController.swift in Sources */,
				B92ED9432B6C89A200BA682B /* PhoneViewController.swift in Sources */,
				8750B3122B73178900D84A8E /* MainViewController.swift in Sources */,
				87A968C02B5A08EC00FF54B9 /* Extension+UIControl.swift in Sources */,
				87FD9F482B8EC56900C4D23E /* UserInfo.swift in Sources */,
				871E7AB82B8FD6B300350C41 /* ContentView.swift in Sources */,
				87C8A1E42B9ABD01009D553B /* RecoveryPassViewController.swift in Sources */,
				873DDD2E2B6341B8003D026A /* HomeViewController.swift in Sources */,
				870FC13E2B9800980059A89A /* Constants.swift in Sources */,
				870FC1412B9804D90059A89A /* HomeAnalyticsTracking.swift in Sources */,
			);
			runOnlyForDeploymentPostprocessing = 0;
		};
		87E0065E2B575D64000DE097 /* Sources */ = {
			isa = PBXSourcesBuildPhase;
			buildActionMask = 2147483647;
			files = (
				87E006832B576A9C000DE097 /* DemoTableViewController.swift in Sources */,
				870FC1492B980A220059A89A /* AdditionalInfoAnalytics.swift in Sources */,
				8794A0902B60A45000349AB7 /* DemoUI.swift in Sources */,
				8794A09D2B60A73E00349AB7 /* PrimaryButtonTableViewCell.swift in Sources */,
				871EABEE2B75B6A30084366B /* SignInViewModel.swift in Sources */,
				870FC1462B9809680059A89A /* VerifyCodeAnalytics.swift in Sources */,
				8794A0A02B60ADCA00349AB7 /* SecondaryButtonTableViewCell.swift in Sources */,
				8744EB432B6C813500EA4493 /* AdditionalInfoSignInViewController.swift in Sources */,
				87E0066A2B575D64000DE097 /* ViewController.swift in Sources */,
				870FC1432B9806CB0059A89A /* PhoneAnalytics.swift in Sources */,
				8744EB4B2B6C857600EA4493 /* DSLineTF.swift in Sources */,
				8794A0982B60A66B00349AB7 /* DemoButtonsTableViewController.swift in Sources */,
				87E006702B575D64000DE097 /* MiFloreria.xcdatamodeld in Sources */,
				87E006662B575D64000DE097 /* AppDelegate.swift in Sources */,
				87FD9F4A2B8ECE4600C4D23E /* AdditionalInfoViewModel.swift in Sources */,
				8744EB472B6C827E00EA4493 /* Extension+UIColor.swift in Sources */,
				87E006682B575D64000DE097 /* SceneDelegate.swift in Sources */,
				8744EB4F2B6C877200EA4493 /* DemoTextFieldWithLineViewController.swift in Sources */,
				8794A0932B60A4B000349AB7 /* DSButton.swift in Sources */,
				87D03C1C2B7C4E0300096D42 /* VerifyCodeViewController.swift in Sources */,
				B92ED9422B6C857300BA682B /* PhoneViewController.swift in Sources */,
				8750B3112B73178600D84A8E /* MainViewController.swift in Sources */,
				87A968BF2B5A08E700FF54B9 /* Extension+UIControl.swift in Sources */,
				87FD9F472B8EC56900C4D23E /* UserInfo.swift in Sources */,
				871E7AB72B8FD6B300350C41 /* ContentView.swift in Sources */,
				87C8A1E32B9ABD01009D553B /* RecoveryPassViewController.swift in Sources */,
				873DDD2D2B6341A5003D026A /* HomeViewController.swift in Sources */,
				870FC13D2B9800980059A89A /* Constants.swift in Sources */,
				870FC1402B9804D90059A89A /* HomeAnalyticsTracking.swift in Sources */,
			);
			runOnlyForDeploymentPostprocessing = 0;
		};
/* End PBXSourcesBuildPhase section */

/* Begin PBXVariantGroup section */
		87E0066B2B575D64000DE097 /* Main.storyboard */ = {
			isa = PBXVariantGroup;
			children = (
				87E0066C2B575D64000DE097 /* Base */,
			);
			name = Main.storyboard;
			sourceTree = "<group>";
		};
		87E006732B575D65000DE097 /* LaunchScreen.storyboard */ = {
			isa = PBXVariantGroup;
			children = (
				87E006742B575D65000DE097 /* Base */,
			);
			name = LaunchScreen.storyboard;
			sourceTree = "<group>";
		};
/* End PBXVariantGroup section */

/* Begin XCBuildConfiguration section */
		87A968B42B59F7DF00FF54B9 /* Debug */ = {
			isa = XCBuildConfiguration;
			buildSettings = {
				ASSETCATALOG_COMPILER_APPICON_NAME = AppIcon;
				ASSETCATALOG_COMPILER_GLOBAL_ACCENT_COLOR_NAME = AccentColor;
				CODE_SIGN_STYLE = Automatic;
				CURRENT_PROJECT_VERSION = 1;
				DEVELOPMENT_TEAM = Q5893ZTFCF;
				GENERATE_INFOPLIST_FILE = YES;
				INFOPLIST_FILE = "MiFloreria copy2-Info.plist";
				INFOPLIST_KEY_UIApplicationSupportsIndirectInputEvents = YES;
				INFOPLIST_KEY_UILaunchStoryboardName = LaunchScreen;
				INFOPLIST_KEY_UIMainStoryboardFile = "";
				INFOPLIST_KEY_UISupportedInterfaceOrientations_iPad = "UIInterfaceOrientationPortrait UIInterfaceOrientationPortraitUpsideDown UIInterfaceOrientationLandscapeLeft UIInterfaceOrientationLandscapeRight";
				INFOPLIST_KEY_UISupportedInterfaceOrientations_iPhone = "UIInterfaceOrientationPortrait UIInterfaceOrientationLandscapeLeft UIInterfaceOrientationLandscapeRight";
				IPHONEOS_DEPLOYMENT_TARGET = 15.0;
				LD_RUNPATH_SEARCH_PATHS = (
					"$(inherited)",
					"@executable_path/Frameworks",
				);
				MARKETING_VERSION = 1.0;
				OTHER_SWIFT_FLAGS = "-DDEMOUI";
				PRODUCT_BUNDLE_IDENTIFIER = com.BodgarDev.MiFloreria;
				PRODUCT_NAME = "$(TARGET_NAME)";
				SWIFT_EMIT_LOC_STRINGS = YES;
				SWIFT_VERSION = 5.0;
				TARGETED_DEVICE_FAMILY = "1,2";
			};
			name = Debug;
		};
		87A968B52B59F7DF00FF54B9 /* Release */ = {
			isa = XCBuildConfiguration;
			buildSettings = {
				ASSETCATALOG_COMPILER_APPICON_NAME = AppIcon;
				ASSETCATALOG_COMPILER_GLOBAL_ACCENT_COLOR_NAME = AccentColor;
				CODE_SIGN_STYLE = Automatic;
				CURRENT_PROJECT_VERSION = 1;
				DEVELOPMENT_TEAM = Q5893ZTFCF;
				GENERATE_INFOPLIST_FILE = YES;
				INFOPLIST_FILE = "MiFloreria copy2-Info.plist";
				INFOPLIST_KEY_UIApplicationSupportsIndirectInputEvents = YES;
				INFOPLIST_KEY_UILaunchStoryboardName = LaunchScreen;
				INFOPLIST_KEY_UIMainStoryboardFile = "";
				INFOPLIST_KEY_UISupportedInterfaceOrientations_iPad = "UIInterfaceOrientationPortrait UIInterfaceOrientationPortraitUpsideDown UIInterfaceOrientationLandscapeLeft UIInterfaceOrientationLandscapeRight";
				INFOPLIST_KEY_UISupportedInterfaceOrientations_iPhone = "UIInterfaceOrientationPortrait UIInterfaceOrientationLandscapeLeft UIInterfaceOrientationLandscapeRight";
				IPHONEOS_DEPLOYMENT_TARGET = 15.0;
				LD_RUNPATH_SEARCH_PATHS = (
					"$(inherited)",
					"@executable_path/Frameworks",
				);
				MARKETING_VERSION = 1.0;
				OTHER_SWIFT_FLAGS = "-DDEMOUI";
				PRODUCT_BUNDLE_IDENTIFIER = com.BodgarDev.MiFloreria;
				PRODUCT_NAME = "$(TARGET_NAME)";
				SWIFT_EMIT_LOC_STRINGS = YES;
				SWIFT_VERSION = 5.0;
				TARGETED_DEVICE_FAMILY = "1,2";
			};
			name = Release;
		};
		87E006772B575D65000DE097 /* Debug */ = {
			isa = XCBuildConfiguration;
			buildSettings = {
				ALWAYS_SEARCH_USER_PATHS = NO;
				ASSETCATALOG_COMPILER_GENERATE_SWIFT_ASSET_SYMBOL_EXTENSIONS = YES;
				CLANG_ANALYZER_NONNULL = YES;
				CLANG_ANALYZER_NUMBER_OBJECT_CONVERSION = YES_AGGRESSIVE;
				CLANG_CXX_LANGUAGE_STANDARD = "gnu++20";
				CLANG_ENABLE_MODULES = YES;
				CLANG_ENABLE_OBJC_ARC = YES;
				CLANG_ENABLE_OBJC_WEAK = YES;
				CLANG_WARN_BLOCK_CAPTURE_AUTORELEASING = YES;
				CLANG_WARN_BOOL_CONVERSION = YES;
				CLANG_WARN_COMMA = YES;
				CLANG_WARN_CONSTANT_CONVERSION = YES;
				CLANG_WARN_DEPRECATED_OBJC_IMPLEMENTATIONS = YES;
				CLANG_WARN_DIRECT_OBJC_ISA_USAGE = YES_ERROR;
				CLANG_WARN_DOCUMENTATION_COMMENTS = YES;
				CLANG_WARN_EMPTY_BODY = YES;
				CLANG_WARN_ENUM_CONVERSION = YES;
				CLANG_WARN_INFINITE_RECURSION = YES;
				CLANG_WARN_INT_CONVERSION = YES;
				CLANG_WARN_NON_LITERAL_NULL_CONVERSION = YES;
				CLANG_WARN_OBJC_IMPLICIT_RETAIN_SELF = YES;
				CLANG_WARN_OBJC_LITERAL_CONVERSION = YES;
				CLANG_WARN_OBJC_ROOT_CLASS = YES_ERROR;
				CLANG_WARN_QUOTED_INCLUDE_IN_FRAMEWORK_HEADER = YES;
				CLANG_WARN_RANGE_LOOP_ANALYSIS = YES;
				CLANG_WARN_STRICT_PROTOTYPES = YES;
				CLANG_WARN_SUSPICIOUS_MOVE = YES;
				CLANG_WARN_UNGUARDED_AVAILABILITY = YES_AGGRESSIVE;
				CLANG_WARN_UNREACHABLE_CODE = YES;
				CLANG_WARN__DUPLICATE_METHOD_MATCH = YES;
				COPY_PHASE_STRIP = NO;
				DEBUG_INFORMATION_FORMAT = dwarf;
				ENABLE_STRICT_OBJC_MSGSEND = YES;
				ENABLE_TESTABILITY = YES;
				ENABLE_USER_SCRIPT_SANDBOXING = YES;
				GCC_C_LANGUAGE_STANDARD = gnu17;
				GCC_DYNAMIC_NO_PIC = NO;
				GCC_NO_COMMON_BLOCKS = YES;
				GCC_OPTIMIZATION_LEVEL = 0;
				GCC_PREPROCESSOR_DEFINITIONS = (
					"DEBUG=1",
					"$(inherited)",
				);
				GCC_WARN_64_TO_32_BIT_CONVERSION = YES;
				GCC_WARN_ABOUT_RETURN_TYPE = YES_ERROR;
				GCC_WARN_UNDECLARED_SELECTOR = YES;
				GCC_WARN_UNINITIALIZED_AUTOS = YES_AGGRESSIVE;
				GCC_WARN_UNUSED_FUNCTION = YES;
				GCC_WARN_UNUSED_VARIABLE = YES;
				IPHONEOS_DEPLOYMENT_TARGET = 17.2;
				LOCALIZATION_PREFERS_STRING_CATALOGS = YES;
				MTL_ENABLE_DEBUG_INFO = INCLUDE_SOURCE;
				MTL_FAST_MATH = YES;
				ONLY_ACTIVE_ARCH = YES;
				SDKROOT = iphoneos;
				SWIFT_ACTIVE_COMPILATION_CONDITIONS = "DEBUG $(inherited)";
				SWIFT_OPTIMIZATION_LEVEL = "-Onone";
			};
			name = Debug;
		};
		87E006782B575D65000DE097 /* Release */ = {
			isa = XCBuildConfiguration;
			buildSettings = {
				ALWAYS_SEARCH_USER_PATHS = NO;
				ASSETCATALOG_COMPILER_GENERATE_SWIFT_ASSET_SYMBOL_EXTENSIONS = YES;
				CLANG_ANALYZER_NONNULL = YES;
				CLANG_ANALYZER_NUMBER_OBJECT_CONVERSION = YES_AGGRESSIVE;
				CLANG_CXX_LANGUAGE_STANDARD = "gnu++20";
				CLANG_ENABLE_MODULES = YES;
				CLANG_ENABLE_OBJC_ARC = YES;
				CLANG_ENABLE_OBJC_WEAK = YES;
				CLANG_WARN_BLOCK_CAPTURE_AUTORELEASING = YES;
				CLANG_WARN_BOOL_CONVERSION = YES;
				CLANG_WARN_COMMA = YES;
				CLANG_WARN_CONSTANT_CONVERSION = YES;
				CLANG_WARN_DEPRECATED_OBJC_IMPLEMENTATIONS = YES;
				CLANG_WARN_DIRECT_OBJC_ISA_USAGE = YES_ERROR;
				CLANG_WARN_DOCUMENTATION_COMMENTS = YES;
				CLANG_WARN_EMPTY_BODY = YES;
				CLANG_WARN_ENUM_CONVERSION = YES;
				CLANG_WARN_INFINITE_RECURSION = YES;
				CLANG_WARN_INT_CONVERSION = YES;
				CLANG_WARN_NON_LITERAL_NULL_CONVERSION = YES;
				CLANG_WARN_OBJC_IMPLICIT_RETAIN_SELF = YES;
				CLANG_WARN_OBJC_LITERAL_CONVERSION = YES;
				CLANG_WARN_OBJC_ROOT_CLASS = YES_ERROR;
				CLANG_WARN_QUOTED_INCLUDE_IN_FRAMEWORK_HEADER = YES;
				CLANG_WARN_RANGE_LOOP_ANALYSIS = YES;
				CLANG_WARN_STRICT_PROTOTYPES = YES;
				CLANG_WARN_SUSPICIOUS_MOVE = YES;
				CLANG_WARN_UNGUARDED_AVAILABILITY = YES_AGGRESSIVE;
				CLANG_WARN_UNREACHABLE_CODE = YES;
				CLANG_WARN__DUPLICATE_METHOD_MATCH = YES;
				COPY_PHASE_STRIP = NO;
				DEBUG_INFORMATION_FORMAT = "dwarf-with-dsym";
				ENABLE_NS_ASSERTIONS = NO;
				ENABLE_STRICT_OBJC_MSGSEND = YES;
				ENABLE_USER_SCRIPT_SANDBOXING = YES;
				GCC_C_LANGUAGE_STANDARD = gnu17;
				GCC_NO_COMMON_BLOCKS = YES;
				GCC_WARN_64_TO_32_BIT_CONVERSION = YES;
				GCC_WARN_ABOUT_RETURN_TYPE = YES_ERROR;
				GCC_WARN_UNDECLARED_SELECTOR = YES;
				GCC_WARN_UNINITIALIZED_AUTOS = YES_AGGRESSIVE;
				GCC_WARN_UNUSED_FUNCTION = YES;
				GCC_WARN_UNUSED_VARIABLE = YES;
				IPHONEOS_DEPLOYMENT_TARGET = 17.2;
				LOCALIZATION_PREFERS_STRING_CATALOGS = YES;
				MTL_ENABLE_DEBUG_INFO = NO;
				MTL_FAST_MATH = YES;
				SDKROOT = iphoneos;
				SWIFT_COMPILATION_MODE = wholemodule;
				VALIDATE_PRODUCT = YES;
			};
			name = Release;
		};
		87E0067A2B575D65000DE097 /* Debug */ = {
			isa = XCBuildConfiguration;
			buildSettings = {
				ASSETCATALOG_COMPILER_APPICON_NAME = AppIcon;
				ASSETCATALOG_COMPILER_GLOBAL_ACCENT_COLOR_NAME = AccentColor;
				CODE_SIGN_STYLE = Automatic;
				CURRENT_PROJECT_VERSION = 1;
				DEVELOPMENT_TEAM = Q5893ZTFCF;
				GENERATE_INFOPLIST_FILE = YES;
				INFOPLIST_FILE = MiFloreria/Info.plist;
				INFOPLIST_KEY_UIApplicationSupportsIndirectInputEvents = YES;
				INFOPLIST_KEY_UILaunchStoryboardName = LaunchScreen;
				INFOPLIST_KEY_UIMainStoryboardFile = "";
				INFOPLIST_KEY_UISupportedInterfaceOrientations_iPad = "UIInterfaceOrientationPortrait UIInterfaceOrientationPortraitUpsideDown UIInterfaceOrientationLandscapeLeft UIInterfaceOrientationLandscapeRight";
				INFOPLIST_KEY_UISupportedInterfaceOrientations_iPhone = "UIInterfaceOrientationPortrait UIInterfaceOrientationLandscapeLeft UIInterfaceOrientationLandscapeRight";
				IPHONEOS_DEPLOYMENT_TARGET = 15.0;
				LD_RUNPATH_SEARCH_PATHS = (
					"$(inherited)",
					"@executable_path/Frameworks",
				);
				MARKETING_VERSION = 1.0;
				OTHER_SWIFT_FLAGS = "-DDEV";
				PRODUCT_BUNDLE_IDENTIFIER = com.BodgarDev.MiFloreria;
				PRODUCT_NAME = "$(TARGET_NAME)";
				SWIFT_EMIT_LOC_STRINGS = YES;
				SWIFT_VERSION = 5.0;
				TARGETED_DEVICE_FAMILY = "1,2";
			};
			name = Debug;
		};
		87E0067B2B575D65000DE097 /* Release */ = {
			isa = XCBuildConfiguration;
			buildSettings = {
				ASSETCATALOG_COMPILER_APPICON_NAME = AppIcon;
				ASSETCATALOG_COMPILER_GLOBAL_ACCENT_COLOR_NAME = AccentColor;
				CODE_SIGN_STYLE = Automatic;
				CURRENT_PROJECT_VERSION = 1;
				DEVELOPMENT_TEAM = Q5893ZTFCF;
				GENERATE_INFOPLIST_FILE = YES;
				INFOPLIST_FILE = MiFloreria/Info.plist;
				INFOPLIST_KEY_UIApplicationSupportsIndirectInputEvents = YES;
				INFOPLIST_KEY_UILaunchStoryboardName = LaunchScreen;
				INFOPLIST_KEY_UIMainStoryboardFile = "";
				INFOPLIST_KEY_UISupportedInterfaceOrientations_iPad = "UIInterfaceOrientationPortrait UIInterfaceOrientationPortraitUpsideDown UIInterfaceOrientationLandscapeLeft UIInterfaceOrientationLandscapeRight";
				INFOPLIST_KEY_UISupportedInterfaceOrientations_iPhone = "UIInterfaceOrientationPortrait UIInterfaceOrientationLandscapeLeft UIInterfaceOrientationLandscapeRight";
				IPHONEOS_DEPLOYMENT_TARGET = 15.0;
				LD_RUNPATH_SEARCH_PATHS = (
					"$(inherited)",
					"@executable_path/Frameworks",
				);
				MARKETING_VERSION = 1.0;
				OTHER_SWIFT_FLAGS = "-DDEV";
				PRODUCT_BUNDLE_IDENTIFIER = com.BodgarDev.MiFloreria;
				PRODUCT_NAME = "$(TARGET_NAME)";
				SWIFT_EMIT_LOC_STRINGS = YES;
				SWIFT_VERSION = 5.0;
				TARGETED_DEVICE_FAMILY = "1,2";
			};
			name = Release;
		};
/* End XCBuildConfiguration section */

/* Begin XCConfigurationList section */
		87A968B32B59F7DF00FF54B9 /* Build configuration list for PBXNativeTarget "DemoUI" */ = {
			isa = XCConfigurationList;
			buildConfigurations = (
				87A968B42B59F7DF00FF54B9 /* Debug */,
				87A968B52B59F7DF00FF54B9 /* Release */,
			);
			defaultConfigurationIsVisible = 0;
			defaultConfigurationName = Release;
		};
		87E0065D2B575D64000DE097 /* Build configuration list for PBXProject "MiFloreria" */ = {
			isa = XCConfigurationList;
			buildConfigurations = (
				87E006772B575D65000DE097 /* Debug */,
				87E006782B575D65000DE097 /* Release */,
			);
			defaultConfigurationIsVisible = 0;
			defaultConfigurationName = Release;
		};
		87E006792B575D65000DE097 /* Build configuration list for PBXNativeTarget "MiFloreria" */ = {
			isa = XCConfigurationList;
			buildConfigurations = (
				87E0067A2B575D65000DE097 /* Debug */,
				87E0067B2B575D65000DE097 /* Release */,
			);
			defaultConfigurationIsVisible = 0;
			defaultConfigurationName = Release;
		};
/* End XCConfigurationList section */

/* Begin XCRemoteSwiftPackageReference section */
		871EAB972B75B4030084366B /* XCRemoteSwiftPackageReference "firebase-ios-sdk" */ = {
			isa = XCRemoteSwiftPackageReference;
			repositoryURL = "https://github.com/firebase/firebase-ios-sdk";
			requirement = {
				kind = upToNextMajorVersion;
				minimumVersion = 10.21.0;
			};
		};
		87A968A62B59F7DF00FF54B9 /* XCRemoteSwiftPackageReference "ProjectUI" */ = {
			isa = XCRemoteSwiftPackageReference;
			repositoryURL = "https://github.com/Bodgar10/ProjectUI";
			requirement = {
				branch = main;
				kind = branch;
			};
		};
		87E0067C2B575FC7000DE097 /* XCRemoteSwiftPackageReference "ProjectUI" */ = {
			isa = XCRemoteSwiftPackageReference;
			repositoryURL = "https://github.com/Bodgar10/ProjectUI";
			requirement = {
				branch = main;
				kind = branch;
			};
		};
/* End XCRemoteSwiftPackageReference section */

/* Begin XCSwiftPackageProductDependency section */
		871EAB982B75B4030084366B /* FirebaseAnalytics */ = {
			isa = XCSwiftPackageProductDependency;
			package = 871EAB972B75B4030084366B /* XCRemoteSwiftPackageReference "firebase-ios-sdk" */;
			productName = FirebaseAnalytics;
		};
		871EAB9A2B75B4030084366B /* FirebaseAnalyticsOnDeviceConversion */ = {
			isa = XCSwiftPackageProductDependency;
			package = 871EAB972B75B4030084366B /* XCRemoteSwiftPackageReference "firebase-ios-sdk" */;
			productName = FirebaseAnalyticsOnDeviceConversion;
		};
		871EAB9C2B75B4030084366B /* FirebaseAnalyticsSwift */ = {
			isa = XCSwiftPackageProductDependency;
			package = 871EAB972B75B4030084366B /* XCRemoteSwiftPackageReference "firebase-ios-sdk" */;
			productName = FirebaseAnalyticsSwift;
		};
		871EAB9E2B75B4030084366B /* FirebaseAnalyticsWithoutAdIdSupport */ = {
			isa = XCSwiftPackageProductDependency;
			package = 871EAB972B75B4030084366B /* XCRemoteSwiftPackageReference "firebase-ios-sdk" */;
			productName = FirebaseAnalyticsWithoutAdIdSupport;
		};
		871EABA02B75B4030084366B /* FirebaseAuth */ = {
			isa = XCSwiftPackageProductDependency;
			package = 871EAB972B75B4030084366B /* XCRemoteSwiftPackageReference "firebase-ios-sdk" */;
			productName = FirebaseAuth;
		};
		871EABA22B75B4030084366B /* FirebaseCrashlytics */ = {
			isa = XCSwiftPackageProductDependency;
			package = 871EAB972B75B4030084366B /* XCRemoteSwiftPackageReference "firebase-ios-sdk" */;
			productName = FirebaseCrashlytics;
		};
		871EABA42B75B4030084366B /* FirebaseDatabase */ = {
			isa = XCSwiftPackageProductDependency;
			package = 871EAB972B75B4030084366B /* XCRemoteSwiftPackageReference "firebase-ios-sdk" */;
			productName = FirebaseDatabase;
		};
		871EABA62B75B4030084366B /* FirebaseDatabaseSwift */ = {
			isa = XCSwiftPackageProductDependency;
			package = 871EAB972B75B4030084366B /* XCRemoteSwiftPackageReference "firebase-ios-sdk" */;
			productName = FirebaseDatabaseSwift;
		};
		871EABA82B75B4030084366B /* FirebaseFirestore */ = {
			isa = XCSwiftPackageProductDependency;
			package = 871EAB972B75B4030084366B /* XCRemoteSwiftPackageReference "firebase-ios-sdk" */;
			productName = FirebaseFirestore;
		};
		871EABAA2B75B4030084366B /* FirebaseInAppMessaging-Beta */ = {
			isa = XCSwiftPackageProductDependency;
			package = 871EAB972B75B4030084366B /* XCRemoteSwiftPackageReference "firebase-ios-sdk" */;
			productName = "FirebaseInAppMessaging-Beta";
		};
		871EABAC2B75B4030084366B /* FirebaseMessaging */ = {
			isa = XCSwiftPackageProductDependency;
			package = 871EAB972B75B4030084366B /* XCRemoteSwiftPackageReference "firebase-ios-sdk" */;
			productName = FirebaseMessaging;
		};
		871EABAE2B75B4030084366B /* FirebaseRemoteConfig */ = {
			isa = XCSwiftPackageProductDependency;
			package = 871EAB972B75B4030084366B /* XCRemoteSwiftPackageReference "firebase-ios-sdk" */;
			productName = FirebaseRemoteConfig;
		};
		871EABB02B75B4030084366B /* FirebaseRemoteConfigSwift */ = {
			isa = XCSwiftPackageProductDependency;
			package = 871EAB972B75B4030084366B /* XCRemoteSwiftPackageReference "firebase-ios-sdk" */;
			productName = FirebaseRemoteConfigSwift;
		};
		871EABB22B75B4030084366B /* FirebaseStorage */ = {
			isa = XCSwiftPackageProductDependency;
			package = 871EAB972B75B4030084366B /* XCRemoteSwiftPackageReference "firebase-ios-sdk" */;
			productName = FirebaseStorage;
		};
		871EABB42B75B4030084366B /* FirebaseStorageCombine-Community */ = {
			isa = XCSwiftPackageProductDependency;
			package = 871EAB972B75B4030084366B /* XCRemoteSwiftPackageReference "firebase-ios-sdk" */;
			productName = "FirebaseStorageCombine-Community";
		};
		871EABB72B75B4950084366B /* FirebaseAnalytics */ = {
			isa = XCSwiftPackageProductDependency;
			package = 871EAB972B75B4030084366B /* XCRemoteSwiftPackageReference "firebase-ios-sdk" */;
			productName = FirebaseAnalytics;
		};
		871EABB92B75B4950084366B /* FirebaseAnalyticsOnDeviceConversion */ = {
			isa = XCSwiftPackageProductDependency;
			package = 871EAB972B75B4030084366B /* XCRemoteSwiftPackageReference "firebase-ios-sdk" */;
			productName = FirebaseAnalyticsOnDeviceConversion;
		};
		871EABBB2B75B4950084366B /* FirebaseAnalyticsSwift */ = {
			isa = XCSwiftPackageProductDependency;
			package = 871EAB972B75B4030084366B /* XCRemoteSwiftPackageReference "firebase-ios-sdk" */;
			productName = FirebaseAnalyticsSwift;
		};
		871EABBD2B75B4950084366B /* FirebaseAnalyticsWithoutAdIdSupport */ = {
			isa = XCSwiftPackageProductDependency;
			package = 871EAB972B75B4030084366B /* XCRemoteSwiftPackageReference "firebase-ios-sdk" */;
			productName = FirebaseAnalyticsWithoutAdIdSupport;
		};
		871EABBF2B75B4950084366B /* FirebaseAppCheck */ = {
			isa = XCSwiftPackageProductDependency;
			package = 871EAB972B75B4030084366B /* XCRemoteSwiftPackageReference "firebase-ios-sdk" */;
			productName = FirebaseAppCheck;
		};
		871EABC12B75B4950084366B /* FirebaseAppDistribution-Beta */ = {
			isa = XCSwiftPackageProductDependency;
			package = 871EAB972B75B4030084366B /* XCRemoteSwiftPackageReference "firebase-ios-sdk" */;
			productName = "FirebaseAppDistribution-Beta";
		};
		871EABC32B75B4950084366B /* FirebaseAuth */ = {
			isa = XCSwiftPackageProductDependency;
			package = 871EAB972B75B4030084366B /* XCRemoteSwiftPackageReference "firebase-ios-sdk" */;
			productName = FirebaseAuth;
		};
		871EABC52B75B4950084366B /* FirebaseAuthCombine-Community */ = {
			isa = XCSwiftPackageProductDependency;
			package = 871EAB972B75B4030084366B /* XCRemoteSwiftPackageReference "firebase-ios-sdk" */;
			productName = "FirebaseAuthCombine-Community";
		};
		871EABC72B75B4950084366B /* FirebaseCrashlytics */ = {
			isa = XCSwiftPackageProductDependency;
			package = 871EAB972B75B4030084366B /* XCRemoteSwiftPackageReference "firebase-ios-sdk" */;
			productName = FirebaseCrashlytics;
		};
		871EABC92B75B4950084366B /* FirebaseDatabase */ = {
			isa = XCSwiftPackageProductDependency;
			package = 871EAB972B75B4030084366B /* XCRemoteSwiftPackageReference "firebase-ios-sdk" */;
			productName = FirebaseDatabase;
		};
		871EABCB2B75B4950084366B /* FirebaseDatabaseSwift */ = {
			isa = XCSwiftPackageProductDependency;
			package = 871EAB972B75B4030084366B /* XCRemoteSwiftPackageReference "firebase-ios-sdk" */;
			productName = FirebaseDatabaseSwift;
		};
		871EABCD2B75B4950084366B /* FirebaseDynamicLinks */ = {
			isa = XCSwiftPackageProductDependency;
			package = 871EAB972B75B4030084366B /* XCRemoteSwiftPackageReference "firebase-ios-sdk" */;
			productName = FirebaseDynamicLinks;
		};
		871EABCF2B75B4950084366B /* FirebaseFirestore */ = {
			isa = XCSwiftPackageProductDependency;
			package = 871EAB972B75B4030084366B /* XCRemoteSwiftPackageReference "firebase-ios-sdk" */;
			productName = FirebaseFirestore;
		};
		871EABD12B75B4950084366B /* FirebaseFirestoreCombine-Community */ = {
			isa = XCSwiftPackageProductDependency;
			package = 871EAB972B75B4030084366B /* XCRemoteSwiftPackageReference "firebase-ios-sdk" */;
			productName = "FirebaseFirestoreCombine-Community";
		};
		871EABD32B75B4950084366B /* FirebaseFirestoreSwift */ = {
			isa = XCSwiftPackageProductDependency;
			package = 871EAB972B75B4030084366B /* XCRemoteSwiftPackageReference "firebase-ios-sdk" */;
			productName = FirebaseFirestoreSwift;
		};
		871EABD52B75B4950084366B /* FirebaseFunctions */ = {
			isa = XCSwiftPackageProductDependency;
			package = 871EAB972B75B4030084366B /* XCRemoteSwiftPackageReference "firebase-ios-sdk" */;
			productName = FirebaseFunctions;
		};
		871EABD72B75B4950084366B /* FirebaseFunctionsCombine-Community */ = {
			isa = XCSwiftPackageProductDependency;
			package = 871EAB972B75B4030084366B /* XCRemoteSwiftPackageReference "firebase-ios-sdk" */;
			productName = "FirebaseFunctionsCombine-Community";
		};
		871EABD92B75B4950084366B /* FirebaseInAppMessaging-Beta */ = {
			isa = XCSwiftPackageProductDependency;
			package = 871EAB972B75B4030084366B /* XCRemoteSwiftPackageReference "firebase-ios-sdk" */;
			productName = "FirebaseInAppMessaging-Beta";
		};
		871EABDB2B75B4950084366B /* FirebaseInAppMessagingSwift-Beta */ = {
			isa = XCSwiftPackageProductDependency;
			package = 871EAB972B75B4030084366B /* XCRemoteSwiftPackageReference "firebase-ios-sdk" */;
			productName = "FirebaseInAppMessagingSwift-Beta";
		};
		871EABDD2B75B4950084366B /* FirebaseInstallations */ = {
			isa = XCSwiftPackageProductDependency;
			package = 871EAB972B75B4030084366B /* XCRemoteSwiftPackageReference "firebase-ios-sdk" */;
			productName = FirebaseInstallations;
		};
		871EABDF2B75B4950084366B /* FirebaseMessaging */ = {
			isa = XCSwiftPackageProductDependency;
			package = 871EAB972B75B4030084366B /* XCRemoteSwiftPackageReference "firebase-ios-sdk" */;
			productName = FirebaseMessaging;
		};
		871EABE12B75B4950084366B /* FirebaseMLModelDownloader */ = {
			isa = XCSwiftPackageProductDependency;
			package = 871EAB972B75B4030084366B /* XCRemoteSwiftPackageReference "firebase-ios-sdk" */;
			productName = FirebaseMLModelDownloader;
		};
		871EABE32B75B4950084366B /* FirebasePerformance */ = {
			isa = XCSwiftPackageProductDependency;
			package = 871EAB972B75B4030084366B /* XCRemoteSwiftPackageReference "firebase-ios-sdk" */;
			productName = FirebasePerformance;
		};
		871EABE52B75B4950084366B /* FirebaseRemoteConfig */ = {
			isa = XCSwiftPackageProductDependency;
			package = 871EAB972B75B4030084366B /* XCRemoteSwiftPackageReference "firebase-ios-sdk" */;
			productName = FirebaseRemoteConfig;
		};
		871EABE72B75B4950084366B /* FirebaseRemoteConfigSwift */ = {
			isa = XCSwiftPackageProductDependency;
			package = 871EAB972B75B4030084366B /* XCRemoteSwiftPackageReference "firebase-ios-sdk" */;
			productName = FirebaseRemoteConfigSwift;
		};
		871EABE92B75B4950084366B /* FirebaseStorage */ = {
			isa = XCSwiftPackageProductDependency;
			package = 871EAB972B75B4030084366B /* XCRemoteSwiftPackageReference "firebase-ios-sdk" */;
			productName = FirebaseStorage;
		};
		871EABEB2B75B4950084366B /* FirebaseStorageCombine-Community */ = {
			isa = XCSwiftPackageProductDependency;
			package = 871EAB972B75B4030084366B /* XCRemoteSwiftPackageReference "firebase-ios-sdk" */;
			productName = "FirebaseStorageCombine-Community";
		};
		87A968A52B59F7DF00FF54B9 /* ProjectUI */ = {
			isa = XCSwiftPackageProductDependency;
			package = 87A968A62B59F7DF00FF54B9 /* XCRemoteSwiftPackageReference "ProjectUI" */;
			productName = ProjectUI;
		};
		87E0067D2B575FC7000DE097 /* ProjectUI */ = {
			isa = XCSwiftPackageProductDependency;
			package = 87E0067C2B575FC7000DE097 /* XCRemoteSwiftPackageReference "ProjectUI" */;
			productName = ProjectUI;
		};
/* End XCSwiftPackageProductDependency section */

/* Begin XCVersionGroup section */
		87E0066E2B575D64000DE097 /* MiFloreria.xcdatamodeld */ = {
			isa = XCVersionGroup;
			children = (
				87E0066F2B575D64000DE097 /* MiFloreria.xcdatamodel */,
			);
			currentVersion = 87E0066F2B575D64000DE097 /* MiFloreria.xcdatamodel */;
			path = MiFloreria.xcdatamodeld;
			sourceTree = "<group>";
			versionGroupType = wrapper.xcdatamodel;
		};
/* End XCVersionGroup section */
	};
	rootObject = 87E0065A2B575D64000DE097 /* Project object */;
}
